// !$*UTF8*$!
{
	archiveVersion = 1;
	classes = {
	};
	objectVersion = 46;
	objects = {

/* Begin PBXBuildFile section */
		4D432C881A61A8ED004CF99A /* AppDelegate.swift in Sources */ = {isa = PBXBuildFile; fileRef = 4D432C871A61A8ED004CF99A /* AppDelegate.swift */; };
		4D432C8A1A61A8ED004CF99A /* MasterViewController.swift in Sources */ = {isa = PBXBuildFile; fileRef = 4D432C891A61A8ED004CF99A /* MasterViewController.swift */; };
		4D432C8C1A61A8ED004CF99A /* DetailViewController.swift in Sources */ = {isa = PBXBuildFile; fileRef = 4D432C8B1A61A8ED004CF99A /* DetailViewController.swift */; };
		4D432C8F1A61A8ED004CF99A /* Main.storyboard in Resources */ = {isa = PBXBuildFile; fileRef = 4D432C8D1A61A8ED004CF99A /* Main.storyboard */; };
		4D432C911A61A8ED004CF99A /* Images.xcassets in Resources */ = {isa = PBXBuildFile; fileRef = 4D432C901A61A8ED004CF99A /* Images.xcassets */; };
		4D432C941A61A8ED004CF99A /* LaunchScreen.xib in Resources */ = {isa = PBXBuildFile; fileRef = 4D432C921A61A8ED004CF99A /* LaunchScreen.xib */; };
		4D432CA01A61A8ED004CF99A /* TheMovieDBTests.swift in Sources */ = {isa = PBXBuildFile; fileRef = 4D432C9F1A61A8ED004CF99A /* TheMovieDBTests.swift */; };
		4D432CAA1A61A92C004CF99A /* TheMovieDB.swift in Sources */ = {isa = PBXBuildFile; fileRef = 4D432CA91A61A92C004CF99A /* TheMovieDB.swift */; };
/* End PBXBuildFile section */

/* Begin PBXContainerItemProxy section */
		4D432C9A1A61A8ED004CF99A /* PBXContainerItemProxy */ = {
			isa = PBXContainerItemProxy;
			containerPortal = 4D432C7A1A61A8ED004CF99A /* Project object */;
			proxyType = 1;
			remoteGlobalIDString = 4D432C811A61A8ED004CF99A;
			remoteInfo = TheMovieDB;
		};
/* End PBXContainerItemProxy section */

/* Begin PBXFileReference section */
		4D432C821A61A8ED004CF99A /* TheMovieDB.app */ = {isa = PBXFileReference; explicitFileType = wrapper.application; includeInIndex = 0; path = TheMovieDB.app; sourceTree = BUILT_PRODUCTS_DIR; };
		4D432C861A61A8ED004CF99A /* Info.plist */ = {isa = PBXFileReference; lastKnownFileType = text.plist.xml; path = Info.plist; sourceTree = "<group>"; };
		4D432C871A61A8ED004CF99A /* AppDelegate.swift */ = {isa = PBXFileReference; lastKnownFileType = sourcecode.swift; path = AppDelegate.swift; sourceTree = "<group>"; };
		4D432C891A61A8ED004CF99A /* MasterViewController.swift */ = {isa = PBXFileReference; lastKnownFileType = sourcecode.swift; path = MasterViewController.swift; sourceTree = "<group>"; };
		4D432C8B1A61A8ED004CF99A /* DetailViewController.swift */ = {isa = PBXFileReference; lastKnownFileType = sourcecode.swift; path = DetailViewController.swift; sourceTree = "<group>"; };
		4D432C8E1A61A8ED004CF99A /* Base */ = {isa = PBXFileReference; lastKnownFileType = file.storyboard; name = Base; path = Base.lproj/Main.storyboard; sourceTree = "<group>"; };
		4D432C901A61A8ED004CF99A /* Images.xcassets */ = {isa = PBXFileReference; lastKnownFileType = folder.assetcatalog; path = Images.xcassets; sourceTree = "<group>"; };
		4D432C931A61A8ED004CF99A /* Base */ = {isa = PBXFileReference; lastKnownFileType = file.xib; name = Base; path = Base.lproj/LaunchScreen.xib; sourceTree = "<group>"; };
		4D432C991A61A8ED004CF99A /* TheMovieDBTests.xctest */ = {isa = PBXFileReference; explicitFileType = wrapper.cfbundle; includeInIndex = 0; path = TheMovieDBTests.xctest; sourceTree = BUILT_PRODUCTS_DIR; };
		4D432C9E1A61A8ED004CF99A /* Info.plist */ = {isa = PBXFileReference; lastKnownFileType = text.plist.xml; path = Info.plist; sourceTree = "<group>"; };
		4D432C9F1A61A8ED004CF99A /* TheMovieDBTests.swift */ = {isa = PBXFileReference; lastKnownFileType = sourcecode.swift; path = TheMovieDBTests.swift; sourceTree = "<group>"; };
		4D432CA91A61A92C004CF99A /* TheMovieDB.swift */ = {isa = PBXFileReference; fileEncoding = 4; lastKnownFileType = sourcecode.swift; path = TheMovieDB.swift; sourceTree = "<group>"; };
/* End PBXFileReference section */

/* Begin PBXFrameworksBuildPhase section */
		4D432C7F1A61A8ED004CF99A /* Frameworks */ = {
			isa = PBXFrameworksBuildPhase;
			buildActionMask = 2147483647;
			files = (
			);
			runOnlyForDeploymentPostprocessing = 0;
		};
		4D432C961A61A8ED004CF99A /* Frameworks */ = {
			isa = PBXFrameworksBuildPhase;
			buildActionMask = 2147483647;
			files = (
			);
			runOnlyForDeploymentPostprocessing = 0;
		};
/* End PBXFrameworksBuildPhase section */

/* Begin PBXGroup section */
		4D432C791A61A8ED004CF99A = {
			isa = PBXGroup;
			children = (
				4D432C841A61A8ED004CF99A /* TheMovieDB */,
				4D432C9C1A61A8ED004CF99A /* TheMovieDBTests */,
				4D432C831A61A8ED004CF99A /* Products */,
			);
			sourceTree = "<group>";
		};
		4D432C831A61A8ED004CF99A /* Products */ = {
			isa = PBXGroup;
			children = (
				4D432C821A61A8ED004CF99A /* TheMovieDB.app */,
				4D432C991A61A8ED004CF99A /* TheMovieDBTests.xctest */,
			);
			name = Products;
			sourceTree = "<group>";
		};
		4D432C841A61A8ED004CF99A /* TheMovieDB */ = {
			isa = PBXGroup;
			children = (
				4D432CA91A61A92C004CF99A /* TheMovieDB.swift */,
				4D432C871A61A8ED004CF99A /* AppDelegate.swift */,
				4D432C891A61A8ED004CF99A /* MasterViewController.swift */,
				4D432C8B1A61A8ED004CF99A /* DetailViewController.swift */,
				4D432C8D1A61A8ED004CF99A /* Main.storyboard */,
				4D432C901A61A8ED004CF99A /* Images.xcassets */,
				4D432C921A61A8ED004CF99A /* LaunchScreen.xib */,
				4D432C851A61A8ED004CF99A /* Supporting Files */,
			);
			path = TheMovieDB;
			sourceTree = "<group>";
		};
		4D432C851A61A8ED004CF99A /* Supporting Files */ = {
			isa = PBXGroup;
			children = (
				4D432C861A61A8ED004CF99A /* Info.plist */,
			);
			name = "Supporting Files";
			sourceTree = "<group>";
		};
		4D432C9C1A61A8ED004CF99A /* TheMovieDBTests */ = {
			isa = PBXGroup;
			children = (
				4D432C9F1A61A8ED004CF99A /* TheMovieDBTests.swift */,
				4D432C9D1A61A8ED004CF99A /* Supporting Files */,
			);
			path = TheMovieDBTests;
			sourceTree = "<group>";
		};
		4D432C9D1A61A8ED004CF99A /* Supporting Files */ = {
			isa = PBXGroup;
			children = (
				4D432C9E1A61A8ED004CF99A /* Info.plist */,
			);
			name = "Supporting Files";
			sourceTree = "<group>";
		};
/* End PBXGroup section */

/* Begin PBXNativeTarget section */
		4D432C811A61A8ED004CF99A /* TheMovieDB */ = {
			isa = PBXNativeTarget;
			buildConfigurationList = 4D432CA31A61A8ED004CF99A /* Build configuration list for PBXNativeTarget "TheMovieDB" */;
			buildPhases = (
				4D432C7E1A61A8ED004CF99A /* Sources */,
				4D432C7F1A61A8ED004CF99A /* Frameworks */,
				4D432C801A61A8ED004CF99A /* Resources */,
			);
			buildRules = (
			);
			dependencies = (
			);
			name = TheMovieDB;
			productName = TheMovieDB;
			productReference = 4D432C821A61A8ED004CF99A /* TheMovieDB.app */;
			productType = "com.apple.product-type.application";
		};
		4D432C981A61A8ED004CF99A /* TheMovieDBTests */ = {
			isa = PBXNativeTarget;
			buildConfigurationList = 4D432CA61A61A8ED004CF99A /* Build configuration list for PBXNativeTarget "TheMovieDBTests" */;
			buildPhases = (
				4D432C951A61A8ED004CF99A /* Sources */,
				4D432C961A61A8ED004CF99A /* Frameworks */,
				4D432C971A61A8ED004CF99A /* Resources */,
			);
			buildRules = (
			);
			dependencies = (
				4D432C9B1A61A8ED004CF99A /* PBXTargetDependency */,
			);
			name = TheMovieDBTests;
			productName = TheMovieDBTests;
			productReference = 4D432C991A61A8ED004CF99A /* TheMovieDBTests.xctest */;
			productType = "com.apple.product-type.bundle.unit-test";
		};
/* End PBXNativeTarget section */

/* Begin PBXProject section */
		4D432C7A1A61A8ED004CF99A /* Project object */ = {
			isa = PBXProject;
			attributes = {
				LastUpgradeCheck = 0610;
				ORGANIZATIONNAME = Udacity;
				TargetAttributes = {
					4D432C811A61A8ED004CF99A = {
						CreatedOnToolsVersion = 6.1.1;
					};
					4D432C981A61A8ED004CF99A = {
						CreatedOnToolsVersion = 6.1.1;
						TestTargetID = 4D432C811A61A8ED004CF99A;
					};
				};
			};
			buildConfigurationList = 4D432C7D1A61A8ED004CF99A /* Build configuration list for PBXProject "TheMovieDB" */;
			compatibilityVersion = "Xcode 3.2";
			developmentRegion = English;
			hasScannedForEncodings = 0;
			knownRegions = (
				en,
				Base,
			);
			mainGroup = 4D432C791A61A8ED004CF99A;
			productRefGroup = 4D432C831A61A8ED004CF99A /* Products */;
			projectDirPath = "";
			projectRoot = "";
			targets = (
				4D432C811A61A8ED004CF99A /* TheMovieDB */,
				4D432C981A61A8ED004CF99A /* TheMovieDBTests */,
			);
		};
/* End PBXProject section */

/* Begin PBXResourcesBuildPhase section */
		4D432C801A61A8ED004CF99A /* Resources */ = {
			isa = PBXResourcesBuildPhase;
			buildActionMask = 2147483647;
			files = (
				4D432C8F1A61A8ED004CF99A /* Main.storyboard in Resources */,
				4D432C941A61A8ED004CF99A /* LaunchScreen.xib in Resources */,
				4D432C911A61A8ED004CF99A /* Images.xcassets in Resources */,
			);
			runOnlyForDeploymentPostprocessing = 0;
		};
		4D432C971A61A8ED004CF99A /* Resources */ = {
			isa = PBXResourcesBuildPhase;
			buildActionMask = 2147483647;
			files = (
			);
			runOnlyForDeploymentPostprocessing = 0;
		};
/* End PBXResourcesBuildPhase section */

/* Begin PBXSourcesBuildPhase section */
		4D432C7E1A61A8ED004CF99A /* Sources */ = {
			isa = PBXSourcesBuildPhase;
			buildActionMask = 2147483647;
			files = (
				4D432C8C1A61A8ED004CF99A /* DetailViewController.swift in Sources */,
				4D432C8A1A61A8ED004CF99A /* MasterViewController.swift in Sources */,
				4D432CAA1A61A92C004CF99A /* TheMovieDB.swift in Sources */,
				4D432C881A61A8ED004CF99A /* AppDelegate.swift in Sources */,
			);
			runOnlyForDeploymentPostprocessing = 0;
		};
		4D432C951A61A8ED004CF99A /* Sources */ = {
			isa = PBXSourcesBuildPhase;
			buildActionMask = 2147483647;
			files = (
				4D432CA01A61A8ED004CF99A /* TheMovieDBTests.swift in Sources */,
			);
			runOnlyForDeploymentPostprocessing = 0;
		};
/* End PBXSourcesBuildPhase section */

/* Begin PBXTargetDependency section */
		4D432C9B1A61A8ED004CF99A /* PBXTargetDependency */ = {
			isa = PBXTargetDependency;
			target = 4D432C811A61A8ED004CF99A /* TheMovieDB */;
			targetProxy = 4D432C9A1A61A8ED004CF99A /* PBXContainerItemProxy */;
		};
/* End PBXTargetDependency section */

/* Begin PBXVariantGroup section */
		4D432C8D1A61A8ED004CF99A /* Main.storyboard */ = {
			isa = PBXVariantGroup;
			children = (
				4D432C8E1A61A8ED004CF99A /* Base */,
			);
			name = Main.storyboard;
			sourceTree = "<group>";
		};
		4D432C921A61A8ED004CF99A /* LaunchScreen.xib */ = {
			isa = PBXVariantGroup;
			children = (
				4D432C931A61A8ED004CF99A /* Base */,
			);
			name = LaunchScreen.xib;
			sourceTree = "<group>";
		};
/* End PBXVariantGroup section */

/* Begin XCBuildConfiguration section */
		4D432CA11A61A8ED004CF99A /* Debug */ = {
			isa = XCBuildConfiguration;
			buildSettings = {
				ALWAYS_SEARCH_USER_PATHS = NO;
				CLANG_CXX_LANGUAGE_STANDARD = "gnu++0x";
				CLANG_CXX_LIBRARY = "libc++";
				CLANG_ENABLE_MODULES = YES;
				CLANG_ENABLE_OBJC_ARC = YES;
				CLANG_WARN_BOOL_CONVERSION = YES;
				CLANG_WARN_CONSTANT_CONVERSION = YES;
				CLANG_WARN_DIRECT_OBJC_ISA_USAGE = YES_ERROR;
				CLANG_WARN_EMPTY_BODY = YES;
				CLANG_WARN_ENUM_CONVERSION = YES;
				CLANG_WARN_INT_CONVERSION = YES;
				CLANG_WARN_OBJC_ROOT_CLASS = YES_ERROR;
				CLANG_WARN_UNREACHABLE_CODE = YES;
				CLANG_WARN__DUPLICATE_METHOD_MATCH = YES;
				"CODE_SIGN_IDENTITY[sdk=iphoneos*]" = "iPhone Developer";
				COPY_PHASE_STRIP = NO;
				ENABLE_STRICT_OBJC_MSGSEND = YES;
				GCC_C_LANGUAGE_STANDARD = gnu99;
				GCC_DYNAMIC_NO_PIC = NO;
				GCC_OPTIMIZATION_LEVEL = 0;
				GCC_PREPROCESSOR_DEFINITIONS = (
					"DEBUG=1",
					"$(inherited)",
				);
				GCC_SYMBOLS_PRIVATE_EXTERN = NO;
				GCC_WARN_64_TO_32_BIT_CONVERSION = YES;
				GCC_WARN_ABOUT_RETURN_TYPE = YES_ERROR;
				GCC_WARN_UNDECLARED_SELECTOR = YES;
				GCC_WARN_UNINITIALIZED_AUTOS = YES_AGGRESSIVE;
				GCC_WARN_UNUSED_FUNCTION = YES;
				GCC_WARN_UNUSED_VARIABLE = YES;
				IPHONEOS_DEPLOYMENT_TARGET = 8.1;
				MTL_ENABLE_DEBUG_INFO = YES;
				ONLY_ACTIVE_ARCH = YES;
				SDKROOT = iphoneos;
				SWIFT_OPTIMIZATION_LEVEL = "-Onone";
			};
			name = Debug;
		};
		4D432CA21A61A8ED004CF99A /* Release */ = {
			isa = XCBuildConfiguration;
			buildSettings = {
				ALWAYS_SEARCH_USER_PATHS = NO;
				CLANG_CXX_LANGUAGE_STANDARD = "gnu++0x";
				CLANG_CXX_LIBRARY = "libc++";
				CLANG_ENABLE_MODULES = YES;
				CLANG_ENABLE_OBJC_ARC = YES;
				CLANG_WARN_BOOL_CONVERSION = YES;
				CLANG_WARN_CONSTANT_CONVERSION = YES;
				CLANG_WARN_DIRECT_OBJC_ISA_USAGE = YES_ERROR;
				CLANG_WARN_EMPTY_BODY = YES;
				CLANG_WARN_ENUM_CONVERSION = YES;
				CLANG_WARN_INT_CONVERSION = YES;
				CLANG_WARN_OBJC_ROOT_CLASS = YES_ERROR;
				CLANG_WARN_UNREACHABLE_CODE = YES;
				CLANG_WARN__DUPLICATE_METHOD_MATCH = YES;
				"CODE_SIGN_IDENTITY[sdk=iphoneos*]" = "iPhone Developer";
				COPY_PHASE_STRIP = YES;
				ENABLE_NS_ASSERTIONS = NO;
				ENABLE_STRICT_OBJC_MSGSEND = YES;
				GCC_C_LANGUAGE_STANDARD = gnu99;
				GCC_WARN_64_TO_32_BIT_CONVERSION = YES;
				GCC_WARN_ABOUT_RETURN_TYPE = YES_ERROR;
				GCC_WARN_UNDECLARED_SELECTOR = YES;
				GCC_WARN_UNINITIALIZED_AUTOS = YES_AGGRESSIVE;
				GCC_WARN_UNUSED_FUNCTION = YES;
				GCC_WARN_UNUSED_VARIABLE = YES;
				IPHONEOS_DEPLOYMENT_TARGET = 8.1;
				MTL_ENABLE_DEBUG_INFO = NO;
				SDKROOT = iphoneos;
				VALIDATE_PRODUCT = YES;
			};
			name = Release;
		};
		4D432CA41A61A8ED004CF99A /* Debug */ = {
			isa = XCBuildConfiguration;
			buildSettings = {
				ASSETCATALOG_COMPILER_APPICON_NAME = AppIcon;
				INFOPLIST_FILE = TheMovieDB/Info.plist;
				LD_RUNPATH_SEARCH_PATHS = "$(inherited) @executable_path/Frameworks";
				PRODUCT_NAME = "$(TARGET_NAME)";
			};
			name = Debug;
		};
		4D432CA51A61A8ED004CF99A /* Release */ = {
			isa = XCBuildConfiguration;
			buildSettings = {
				ASSETCATALOG_COMPILER_APPICON_NAME = AppIcon;
				INFOPLIST_FILE = TheMovieDB/Info.plist;
				LD_RUNPATH_SEARCH_PATHS = "$(inherited) @executable_path/Frameworks";
				PRODUCT_NAME = "$(TARGET_NAME)";
			};
			name = Release;
		};
		4D432CA71A61A8ED004CF99A /* Debug */ = {
			isa = XCBuildConfiguration;
			buildSettings = {
				BUNDLE_LOADER = "$(TEST_HOST)";
				FRAMEWORK_SEARCH_PATHS = (
					"$(SDKROOT)/Developer/Library/Frameworks",
					"$(inherited)",
				);
				GCC_PREPROCESSOR_DEFINITIONS = (
					"DEBUG=1",
					"$(inherited)",
				);
				INFOPLIST_FILE = TheMovieDBTests/Info.plist;
				LD_RUNPATH_SEARCH_PATHS = "$(inherited) @executable_path/Frameworks @loader_path/Frameworks";
				PRODUCT_NAME = "$(TARGET_NAME)";
				TEST_HOST = "$(BUILT_PRODUCTS_DIR)/TheMovieDB.app/TheMovieDB";
			};
			name = Debug;
		};
		4D432CA81A61A8ED004CF99A /* Release */ = {
			isa = XCBuildConfiguration;
			buildSettings = {
				BUNDLE_LOADER = "$(TEST_HOST)";
				FRAMEWORK_SEARCH_PATHS = (
					"$(SDKROOT)/Developer/Library/Frameworks",
					"$(inherited)",
				);
				INFOPLIST_FILE = TheMovieDBTests/Info.plist;
				LD_RUNPATH_SEARCH_PATHS = "$(inherited) @executable_path/Frameworks @loader_path/Frameworks";
				PRODUCT_NAME = "$(TARGET_NAME)";
				TEST_HOST = "$(BUILT_PRODUCTS_DIR)/TheMovieDB.app/TheMovieDB";
			};
			name = Release;
		};
/* End XCBuildConfiguration section */

/* Begin XCConfigurationList section */
		4D432C7D1A61A8ED004CF99A /* Build configuration list for PBXProject "TheMovieDB" */ = {
			isa = XCConfigurationList;
			buildConfigurations = (
				4D432CA11A61A8ED004CF99A /* Debug */,
				4D432CA21A61A8ED004CF99A /* Release */,
			);
			defaultConfigurationIsVisible = 0;
			defaultConfigurationName = Release;
		};
		4D432CA31A61A8ED004CF99A /* Build configuration list for PBXNativeTarget "TheMovieDB" */ = {
			isa = XCConfigurationList;
			buildConfigurations = (
				4D432CA41A61A8ED004CF99A /* Debug */,
				4D432CA51A61A8ED004CF99A /* Release */,
			);
			defaultConfigurationIsVisible = 0;
		};
		4D432CA61A61A8ED004CF99A /* Build configuration list for PBXNativeTarget "TheMovieDBTests" */ = {
			isa = XCConfigurationList;
			buildConfigurations = (
				4D432CA71A61A8ED004CF99A /* Debug */,
				4D432CA81A61A8ED004CF99A /* Release */,
			);
			defaultConfigurationIsVisible = 0;
		};
/* End XCConfigurationList section */
	};
	rootObject = 4D432C7A1A61A8ED004CF99A /* Project object */;
}
