// !$*UTF8*$!
{
	archiveVersion = 1;
	classes = {
	};
	objectVersion = 46;
	objects = {

/* Begin PBXBuildFile section */
		A0F8BF9B1A81CFB800887A1D /* AppDelegate.swift in Sources */ = {isa = PBXBuildFile; fileRef = A0F8BF9A1A81CFB800887A1D /* AppDelegate.swift */; };
		A0F8BF9D1A81CFB800887A1D /* ViewController.swift in Sources */ = {isa = PBXBuildFile; fileRef = A0F8BF9C1A81CFB800887A1D /* ViewController.swift */; };
		A0F8BFA01A81CFB800887A1D /* Main.storyboard in Resources */ = {isa = PBXBuildFile; fileRef = A0F8BF9E1A81CFB800887A1D /* Main.storyboard */; };
		A0F8BFA21A81CFB800887A1D /* Images.xcassets in Resources */ = {isa = PBXBuildFile; fileRef = A0F8BFA11A81CFB800887A1D /* Images.xcassets */; };
		A0F8BFA51A81CFB800887A1D /* LaunchScreen.xib in Resources */ = {isa = PBXBuildFile; fileRef = A0F8BFA31A81CFB800887A1D /* LaunchScreen.xib */; };
		A0F8BFB11A81CFB800887A1D /* ClickCount_StoryboardTests.swift in Sources */ = {isa = PBXBuildFile; fileRef = A0F8BFB01A81CFB800887A1D /* ClickCount_StoryboardTests.swift */; };
/* End PBXBuildFile section */

/* Begin PBXContainerItemProxy section */
		A0F8BFAB1A81CFB800887A1D /* PBXContainerItemProxy */ = {
			isa = PBXContainerItemProxy;
			containerPortal = A0F8BF8D1A81CFB800887A1D /* Project object */;
			proxyType = 1;
			remoteGlobalIDString = A0F8BF941A81CFB800887A1D;
			remoteInfo = "ClickCount-Storyboard";
		};
/* End PBXContainerItemProxy section */

/* Begin PBXFileReference section */
		A0F8BF951A81CFB800887A1D /* ClickCount-Storyboard.app */ = {isa = PBXFileReference; explicitFileType = wrapper.application; includeInIndex = 0; path = "ClickCount-Storyboard.app"; sourceTree = BUILT_PRODUCTS_DIR; };
		A0F8BF991A81CFB800887A1D /* Info.plist */ = {isa = PBXFileReference; lastKnownFileType = text.plist.xml; path = Info.plist; sourceTree = "<group>"; };
		A0F8BF9A1A81CFB800887A1D /* AppDelegate.swift */ = {isa = PBXFileReference; lastKnownFileType = sourcecode.swift; path = AppDelegate.swift; sourceTree = "<group>"; };
		A0F8BF9C1A81CFB800887A1D /* ViewController.swift */ = {isa = PBXFileReference; lastKnownFileType = sourcecode.swift; path = ViewController.swift; sourceTree = "<group>"; };
		A0F8BF9F1A81CFB800887A1D /* Base */ = {isa = PBXFileReference; lastKnownFileType = file.storyboard; name = Base; path = Base.lproj/Main.storyboard; sourceTree = "<group>"; };
		A0F8BFA11A81CFB800887A1D /* Images.xcassets */ = {isa = PBXFileReference; lastKnownFileType = folder.assetcatalog; path = Images.xcassets; sourceTree = "<group>"; };
		A0F8BFA41A81CFB800887A1D /* Base */ = {isa = PBXFileReference; lastKnownFileType = file.xib; name = Base; path = Base.lproj/LaunchScreen.xib; sourceTree = "<group>"; };
		A0F8BFAA1A81CFB800887A1D /* ClickCount-StoryboardTests.xctest */ = {isa = PBXFileReference; explicitFileType = wrapper.cfbundle; includeInIndex = 0; path = "ClickCount-StoryboardTests.xctest"; sourceTree = BUILT_PRODUCTS_DIR; };
		A0F8BFAF1A81CFB800887A1D /* Info.plist */ = {isa = PBXFileReference; lastKnownFileType = text.plist.xml; path = Info.plist; sourceTree = "<group>"; };
		A0F8BFB01A81CFB800887A1D /* ClickCount_StoryboardTests.swift */ = {isa = PBXFileReference; lastKnownFileType = sourcecode.swift; path = ClickCount_StoryboardTests.swift; sourceTree = "<group>"; };
/* End PBXFileReference section */

/* Begin PBXFrameworksBuildPhase section */
		A0F8BF921A81CFB800887A1D /* Frameworks */ = {
			isa = PBXFrameworksBuildPhase;
			buildActionMask = 2147483647;
			files = (
			);
			runOnlyForDeploymentPostprocessing = 0;
		};
		A0F8BFA71A81CFB800887A1D /* Frameworks */ = {
			isa = PBXFrameworksBuildPhase;
			buildActionMask = 2147483647;
			files = (
			);
			runOnlyForDeploymentPostprocessing = 0;
		};
/* End PBXFrameworksBuildPhase section */

/* Begin PBXGroup section */
		A0F8BF8C1A81CFB800887A1D = {
			isa = PBXGroup;
			children = (
				A0F8BF971A81CFB800887A1D /* ClickCount-Storyboard */,
				A0F8BFAD1A81CFB800887A1D /* ClickCount-StoryboardTests */,
				A0F8BF961A81CFB800887A1D /* Products */,
			);
			sourceTree = "<group>";
		};
		A0F8BF961A81CFB800887A1D /* Products */ = {
			isa = PBXGroup;
			children = (
				A0F8BF951A81CFB800887A1D /* ClickCount-Storyboard.app */,
				A0F8BFAA1A81CFB800887A1D /* ClickCount-StoryboardTests.xctest */,
			);
			name = Products;
			sourceTree = "<group>";
		};
		A0F8BF971A81CFB800887A1D /* ClickCount-Storyboard */ = {
			isa = PBXGroup;
			children = (
				A0F8BF9A1A81CFB800887A1D /* AppDelegate.swift */,
				A0F8BF9C1A81CFB800887A1D /* ViewController.swift */,
				A0F8BF9E1A81CFB800887A1D /* Main.storyboard */,
				A0F8BFA11A81CFB800887A1D /* Images.xcassets */,
				A0F8BFA31A81CFB800887A1D /* LaunchScreen.xib */,
				A0F8BF981A81CFB800887A1D /* Supporting Files */,
			);
			path = "ClickCount-Storyboard";
			sourceTree = "<group>";
		};
		A0F8BF981A81CFB800887A1D /* Supporting Files */ = {
			isa = PBXGroup;
			children = (
				A0F8BF991A81CFB800887A1D /* Info.plist */,
			);
			name = "Supporting Files";
			sourceTree = "<group>";
		};
		A0F8BFAD1A81CFB800887A1D /* ClickCount-StoryboardTests */ = {
			isa = PBXGroup;
			children = (
				A0F8BFB01A81CFB800887A1D /* ClickCount_StoryboardTests.swift */,
				A0F8BFAE1A81CFB800887A1D /* Supporting Files */,
			);
			path = "ClickCount-StoryboardTests";
			sourceTree = "<group>";
		};
		A0F8BFAE1A81CFB800887A1D /* Supporting Files */ = {
			isa = PBXGroup;
			children = (
				A0F8BFAF1A81CFB800887A1D /* Info.plist */,
			);
			name = "Supporting Files";
			sourceTree = "<group>";
		};
/* End PBXGroup section */

/* Begin PBXNativeTarget section */
		A0F8BF941A81CFB800887A1D /* ClickCount-Storyboard */ = {
			isa = PBXNativeTarget;
			buildConfigurationList = A0F8BFB41A81CFB800887A1D /* Build configuration list for PBXNativeTarget "ClickCount-Storyboard" */;
			buildPhases = (
				A0F8BF911A81CFB800887A1D /* Sources */,
				A0F8BF921A81CFB800887A1D /* Frameworks */,
				A0F8BF931A81CFB800887A1D /* Resources */,
			);
			buildRules = (
			);
			dependencies = (
			);
			name = "ClickCount-Storyboard";
			productName = "ClickCount-Storyboard";
			productReference = A0F8BF951A81CFB800887A1D /* ClickCount-Storyboard.app */;
			productType = "com.apple.product-type.application";
		};
		A0F8BFA91A81CFB800887A1D /* ClickCount-StoryboardTests */ = {
			isa = PBXNativeTarget;
			buildConfigurationList = A0F8BFB71A81CFB800887A1D /* Build configuration list for PBXNativeTarget "ClickCount-StoryboardTests" */;
			buildPhases = (
				A0F8BFA61A81CFB800887A1D /* Sources */,
				A0F8BFA71A81CFB800887A1D /* Frameworks */,
				A0F8BFA81A81CFB800887A1D /* Resources */,
			);
			buildRules = (
			);
			dependencies = (
				A0F8BFAC1A81CFB800887A1D /* PBXTargetDependency */,
			);
			name = "ClickCount-StoryboardTests";
			productName = "ClickCount-StoryboardTests";
			productReference = A0F8BFAA1A81CFB800887A1D /* ClickCount-StoryboardTests.xctest */;
			productType = "com.apple.product-type.bundle.unit-test";
		};
/* End PBXNativeTarget section */

/* Begin PBXProject section */
		A0F8BF8D1A81CFB800887A1D /* Project object */ = {
			isa = PBXProject;
			attributes = {
				LastUpgradeCheck = 0610;
				ORGANIZATIONNAME = jschatz;
				TargetAttributes = {
					A0F8BF941A81CFB800887A1D = {
						CreatedOnToolsVersion = 6.1.1;
					};
					A0F8BFA91A81CFB800887A1D = {
						CreatedOnToolsVersion = 6.1.1;
						TestTargetID = A0F8BF941A81CFB800887A1D;
					};
				};
			};
			buildConfigurationList = A0F8BF901A81CFB800887A1D /* Build configuration list for PBXProject "ClickCount-Storyboard" */;
			compatibilityVersion = "Xcode 3.2";
			developmentRegion = English;
			hasScannedForEncodings = 0;
			knownRegions = (
				en,
				Base,
			);
			mainGroup = A0F8BF8C1A81CFB800887A1D;
			productRefGroup = A0F8BF961A81CFB800887A1D /* Products */;
			projectDirPath = "";
			projectRoot = "";
			targets = (
				A0F8BF941A81CFB800887A1D /* ClickCount-Storyboard */,
				A0F8BFA91A81CFB800887A1D /* ClickCount-StoryboardTests */,
			);
		};
/* End PBXProject section */

/* Begin PBXResourcesBuildPhase section */
		A0F8BF931A81CFB800887A1D /* Resources */ = {
			isa = PBXResourcesBuildPhase;
			buildActionMask = 2147483647;
			files = (
				A0F8BFA01A81CFB800887A1D /* Main.storyboard in Resources */,
				A0F8BFA51A81CFB800887A1D /* LaunchScreen.xib in Resources */,
				A0F8BFA21A81CFB800887A1D /* Images.xcassets in Resources */,
			);
			runOnlyForDeploymentPostprocessing = 0;
		};
		A0F8BFA81A81CFB800887A1D /* Resources */ = {
			isa = PBXResourcesBuildPhase;
			buildActionMask = 2147483647;
			files = (
			);
			runOnlyForDeploymentPostprocessing = 0;
		};
/* End PBXResourcesBuildPhase section */

/* Begin PBXSourcesBuildPhase section */
		A0F8BF911A81CFB800887A1D /* Sources */ = {
			isa = PBXSourcesBuildPhase;
			buildActionMask = 2147483647;
			files = (
				A0F8BF9D1A81CFB800887A1D /* ViewController.swift in Sources */,
				A0F8BF9B1A81CFB800887A1D /* AppDelegate.swift in Sources */,
			);
			runOnlyForDeploymentPostprocessing = 0;
		};
		A0F8BFA61A81CFB800887A1D /* Sources */ = {
			isa = PBXSourcesBuildPhase;
			buildActionMask = 2147483647;
			files = (
				A0F8BFB11A81CFB800887A1D /* ClickCount_StoryboardTests.swift in Sources */,
			);
			runOnlyForDeploymentPostprocessing = 0;
		};
/* End PBXSourcesBuildPhase section */

/* Begin PBXTargetDependency section */
		A0F8BFAC1A81CFB800887A1D /* PBXTargetDependency */ = {
			isa = PBXTargetDependency;
			target = A0F8BF941A81CFB800887A1D /* ClickCount-Storyboard */;
			targetProxy = A0F8BFAB1A81CFB800887A1D /* PBXContainerItemProxy */;
		};
/* End PBXTargetDependency section */

/* Begin PBXVariantGroup section */
		A0F8BF9E1A81CFB800887A1D /* Main.storyboard */ = {
			isa = PBXVariantGroup;
			children = (
				A0F8BF9F1A81CFB800887A1D /* Base */,
			);
			name = Main.storyboard;
			sourceTree = "<group>";
		};
		A0F8BFA31A81CFB800887A1D /* LaunchScreen.xib */ = {
			isa = PBXVariantGroup;
			children = (
				A0F8BFA41A81CFB800887A1D /* Base */,
			);
			name = LaunchScreen.xib;
			sourceTree = "<group>";
		};
/* End PBXVariantGroup section */

/* Begin XCBuildConfiguration section */
		A0F8BFB21A81CFB800887A1D /* Debug */ = {
			isa = XCBuildConfiguration;
			buildSettings = {
				ALWAYS_SEARCH_USER_PATHS = NO;
				CLANG_CXX_LANGUAGE_STANDARD = "gnu++0x";
				CLANG_CXX_LIBRARY = "libc++";
				CLANG_ENABLE_MODULES = YES;
				CLANG_ENABLE_OBJC_ARC = YES;
				CLANG_WARN_BOOL_CONVERSION = YES;
				CLANG_WARN_CONSTANT_CONVERSION = YES;
				CLANG_WARN_DIRECT_OBJC_ISA_USAGE = YES_ERROR;
				CLANG_WARN_EMPTY_BODY = YES;
				CLANG_WARN_ENUM_CONVERSION = YES;
				CLANG_WARN_INT_CONVERSION = YES;
				CLANG_WARN_OBJC_ROOT_CLASS = YES_ERROR;
				CLANG_WARN_UNREACHABLE_CODE = YES;
				CLANG_WARN__DUPLICATE_METHOD_MATCH = YES;
				"CODE_SIGN_IDENTITY[sdk=iphoneos*]" = "iPhone Developer";
				COPY_PHASE_STRIP = NO;
				ENABLE_STRICT_OBJC_MSGSEND = YES;
				GCC_C_LANGUAGE_STANDARD = gnu99;
				GCC_DYNAMIC_NO_PIC = NO;
				GCC_OPTIMIZATION_LEVEL = 0;
				GCC_PREPROCESSOR_DEFINITIONS = (
					"DEBUG=1",
					"$(inherited)",
				);
				GCC_SYMBOLS_PRIVATE_EXTERN = NO;
				GCC_WARN_64_TO_32_BIT_CONVERSION = YES;
				GCC_WARN_ABOUT_RETURN_TYPE = YES_ERROR;
				GCC_WARN_UNDECLARED_SELECTOR = YES;
				GCC_WARN_UNINITIALIZED_AUTOS = YES_AGGRESSIVE;
				GCC_WARN_UNUSED_FUNCTION = YES;
				GCC_WARN_UNUSED_VARIABLE = YES;
				IPHONEOS_DEPLOYMENT_TARGET = 8.1;
				MTL_ENABLE_DEBUG_INFO = YES;
				ONLY_ACTIVE_ARCH = YES;
				SDKROOT = iphoneos;
				SWIFT_OPTIMIZATION_LEVEL = "-Onone";
			};
			name = Debug;
		};
		A0F8BFB31A81CFB800887A1D /* Release */ = {
			isa = XCBuildConfiguration;
			buildSettings = {
				ALWAYS_SEARCH_USER_PATHS = NO;
				CLANG_CXX_LANGUAGE_STANDARD = "gnu++0x";
				CLANG_CXX_LIBRARY = "libc++";
				CLANG_ENABLE_MODULES = YES;
				CLANG_ENABLE_OBJC_ARC = YES;
				CLANG_WARN_BOOL_CONVERSION = YES;
				CLANG_WARN_CONSTANT_CONVERSION = YES;
				CLANG_WARN_DIRECT_OBJC_ISA_USAGE = YES_ERROR;
				CLANG_WARN_EMPTY_BODY = YES;
				CLANG_WARN_ENUM_CONVERSION = YES;
				CLANG_WARN_INT_CONVERSION = YES;
				CLANG_WARN_OBJC_ROOT_CLASS = YES_ERROR;
				CLANG_WARN_UNREACHABLE_CODE = YES;
				CLANG_WARN__DUPLICATE_METHOD_MATCH = YES;
				"CODE_SIGN_IDENTITY[sdk=iphoneos*]" = "iPhone Developer";
				COPY_PHASE_STRIP = YES;
				ENABLE_NS_ASSERTIONS = NO;
				ENABLE_STRICT_OBJC_MSGSEND = YES;
				GCC_C_LANGUAGE_STANDARD = gnu99;
				GCC_WARN_64_TO_32_BIT_CONVERSION = YES;
				GCC_WARN_ABOUT_RETURN_TYPE = YES_ERROR;
				GCC_WARN_UNDECLARED_SELECTOR = YES;
				GCC_WARN_UNINITIALIZED_AUTOS = YES_AGGRESSIVE;
				GCC_WARN_UNUSED_FUNCTION = YES;
				GCC_WARN_UNUSED_VARIABLE = YES;
				IPHONEOS_DEPLOYMENT_TARGET = 8.1;
				MTL_ENABLE_DEBUG_INFO = NO;
				SDKROOT = iphoneos;
				VALIDATE_PRODUCT = YES;
			};
			name = Release;
		};
		A0F8BFB51A81CFB800887A1D /* Debug */ = {
			isa = XCBuildConfiguration;
			buildSettings = {
				ASSETCATALOG_COMPILER_APPICON_NAME = AppIcon;
				INFOPLIST_FILE = "ClickCount-Storyboard/Info.plist";
				LD_RUNPATH_SEARCH_PATHS = "$(inherited) @executable_path/Frameworks";
				PRODUCT_NAME = "$(TARGET_NAME)";
			};
			name = Debug;
		};
		A0F8BFB61A81CFB800887A1D /* Release */ = {
			isa = XCBuildConfiguration;
			buildSettings = {
				ASSETCATALOG_COMPILER_APPICON_NAME = AppIcon;
				INFOPLIST_FILE = "ClickCount-Storyboard/Info.plist";
				LD_RUNPATH_SEARCH_PATHS = "$(inherited) @executable_path/Frameworks";
				PRODUCT_NAME = "$(TARGET_NAME)";
			};
			name = Release;
		};
		A0F8BFB81A81CFB800887A1D /* Debug */ = {
			isa = XCBuildConfiguration;
			buildSettings = {
				BUNDLE_LOADER = "$(TEST_HOST)";
				FRAMEWORK_SEARCH_PATHS = (
					"$(SDKROOT)/Developer/Library/Frameworks",
					"$(inherited)",
				);
				GCC_PREPROCESSOR_DEFINITIONS = (
					"DEBUG=1",
					"$(inherited)",
				);
				INFOPLIST_FILE = "ClickCount-StoryboardTests/Info.plist";
				LD_RUNPATH_SEARCH_PATHS = "$(inherited) @executable_path/Frameworks @loader_path/Frameworks";
				PRODUCT_NAME = "$(TARGET_NAME)";
				TEST_HOST = "$(BUILT_PRODUCTS_DIR)/ClickCount-Storyboard.app/ClickCount-Storyboard";
			};
			name = Debug;
		};
		A0F8BFB91A81CFB800887A1D /* Release */ = {
			isa = XCBuildConfiguration;
			buildSettings = {
				BUNDLE_LOADER = "$(TEST_HOST)";
				FRAMEWORK_SEARCH_PATHS = (
					"$(SDKROOT)/Developer/Library/Frameworks",
					"$(inherited)",
				);
				INFOPLIST_FILE = "ClickCount-StoryboardTests/Info.plist";
				LD_RUNPATH_SEARCH_PATHS = "$(inherited) @executable_path/Frameworks @loader_path/Frameworks";
				PRODUCT_NAME = "$(TARGET_NAME)";
				TEST_HOST = "$(BUILT_PRODUCTS_DIR)/ClickCount-Storyboard.app/ClickCount-Storyboard";
			};
			name = Release;
		};
/* End XCBuildConfiguration section */

/* Begin XCConfigurationList section */
		A0F8BF901A81CFB800887A1D /* Build configuration list for PBXProject "ClickCount-Storyboard" */ = {
			isa = XCConfigurationList;
			buildConfigurations = (
				A0F8BFB21A81CFB800887A1D /* Debug */,
				A0F8BFB31A81CFB800887A1D /* Release */,
			);
			defaultConfigurationIsVisible = 0;
			defaultConfigurationName = Release;
		};
		A0F8BFB41A81CFB800887A1D /* Build configuration list for PBXNativeTarget "ClickCount-Storyboard" */ = {
			isa = XCConfigurationList;
			buildConfigurations = (
				A0F8BFB51A81CFB800887A1D /* Debug */,
				A0F8BFB61A81CFB800887A1D /* Release */,
			);
			defaultConfigurationIsVisible = 0;
		};
		A0F8BFB71A81CFB800887A1D /* Build configuration list for PBXNativeTarget "ClickCount-StoryboardTests" */ = {
			isa = XCConfigurationList;
			buildConfigurations = (
				A0F8BFB81A81CFB800887A1D /* Debug */,
				A0F8BFB91A81CFB800887A1D /* Release */,
			);
			defaultConfigurationIsVisible = 0;
		};
/* End XCConfigurationList section */
	};
	rootObject = A0F8BF8D1A81CFB800887A1D /* Project object */;
}
