// !$*UTF8*$!
{
	archiveVersion = 1;
	classes = {
	};
	objectVersion = 46;
	objects = {

/* Begin PBXBuildFile section */
		A053F8EF1AA6B0C000A345ED /* AppDelegate.swift in Sources */ = {isa = PBXBuildFile; fileRef = A053F8EE1AA6B0C000A345ED /* AppDelegate.swift */; };
		A053F8F11AA6B0C000A345ED /* ViewController.swift in Sources */ = {isa = PBXBuildFile; fileRef = A053F8F01AA6B0C000A345ED /* ViewController.swift */; };
		A053F8F41AA6B0C000A345ED /* Main.storyboard in Resources */ = {isa = PBXBuildFile; fileRef = A053F8F21AA6B0C000A345ED /* Main.storyboard */; };
		A053F8F61AA6B0C000A345ED /* Images.xcassets in Resources */ = {isa = PBXBuildFile; fileRef = A053F8F51AA6B0C000A345ED /* Images.xcassets */; };
		A053F8F91AA6B0C000A345ED /* LaunchScreen.xib in Resources */ = {isa = PBXBuildFile; fileRef = A053F8F71AA6B0C000A345ED /* LaunchScreen.xib */; };
		A053F9051AA6B0C100A345ED /* StringTableTests.swift in Sources */ = {isa = PBXBuildFile; fileRef = A053F9041AA6B0C100A345ED /* StringTableTests.swift */; };
		A053F90F1AA6BF6900A345ED /* ColorTableViewCell.swift in Sources */ = {isa = PBXBuildFile; fileRef = A053F90E1AA6BF6900A345ED /* ColorTableViewCell.swift */; };
/* End PBXBuildFile section */

/* Begin PBXContainerItemProxy section */
		A053F8FF1AA6B0C100A345ED /* PBXContainerItemProxy */ = {
			isa = PBXContainerItemProxy;
			containerPortal = A053F8E11AA6B0C000A345ED /* Project object */;
			proxyType = 1;
			remoteGlobalIDString = A053F8E81AA6B0C000A345ED;
			remoteInfo = StringTable;
		};
/* End PBXContainerItemProxy section */

/* Begin PBXFileReference section */
		A053F8E91AA6B0C000A345ED /* StringTable.app */ = {isa = PBXFileReference; explicitFileType = wrapper.application; includeInIndex = 0; path = StringTable.app; sourceTree = BUILT_PRODUCTS_DIR; };
		A053F8ED1AA6B0C000A345ED /* Info.plist */ = {isa = PBXFileReference; lastKnownFileType = text.plist.xml; path = Info.plist; sourceTree = "<group>"; };
		A053F8EE1AA6B0C000A345ED /* AppDelegate.swift */ = {isa = PBXFileReference; lastKnownFileType = sourcecode.swift; path = AppDelegate.swift; sourceTree = "<group>"; };
		A053F8F01AA6B0C000A345ED /* ViewController.swift */ = {isa = PBXFileReference; lastKnownFileType = sourcecode.swift; path = ViewController.swift; sourceTree = "<group>"; };
		A053F8F31AA6B0C000A345ED /* Base */ = {isa = PBXFileReference; lastKnownFileType = file.storyboard; name = Base; path = Base.lproj/Main.storyboard; sourceTree = "<group>"; };
		A053F8F51AA6B0C000A345ED /* Images.xcassets */ = {isa = PBXFileReference; lastKnownFileType = folder.assetcatalog; path = Images.xcassets; sourceTree = "<group>"; };
		A053F8F81AA6B0C000A345ED /* Base */ = {isa = PBXFileReference; lastKnownFileType = file.xib; name = Base; path = Base.lproj/LaunchScreen.xib; sourceTree = "<group>"; };
		A053F8FE1AA6B0C100A345ED /* StringTableTests.xctest */ = {isa = PBXFileReference; explicitFileType = wrapper.cfbundle; includeInIndex = 0; path = StringTableTests.xctest; sourceTree = BUILT_PRODUCTS_DIR; };
		A053F9031AA6B0C100A345ED /* Info.plist */ = {isa = PBXFileReference; lastKnownFileType = text.plist.xml; path = Info.plist; sourceTree = "<group>"; };
		A053F9041AA6B0C100A345ED /* StringTableTests.swift */ = {isa = PBXFileReference; lastKnownFileType = sourcecode.swift; path = StringTableTests.swift; sourceTree = "<group>"; };
		A053F90E1AA6BF6900A345ED /* ColorTableViewCell.swift */ = {isa = PBXFileReference; fileEncoding = 4; lastKnownFileType = sourcecode.swift; path = ColorTableViewCell.swift; sourceTree = "<group>"; };
/* End PBXFileReference section */

/* Begin PBXFrameworksBuildPhase section */
		A053F8E61AA6B0C000A345ED /* Frameworks */ = {
			isa = PBXFrameworksBuildPhase;
			buildActionMask = 2147483647;
			files = (
			);
			runOnlyForDeploymentPostprocessing = 0;
		};
		A053F8FB1AA6B0C100A345ED /* Frameworks */ = {
			isa = PBXFrameworksBuildPhase;
			buildActionMask = 2147483647;
			files = (
			);
			runOnlyForDeploymentPostprocessing = 0;
		};
/* End PBXFrameworksBuildPhase section */

/* Begin PBXGroup section */
		A053F8E01AA6B0C000A345ED = {
			isa = PBXGroup;
			children = (
				A053F8EB1AA6B0C000A345ED /* StringTable */,
				A053F9011AA6B0C100A345ED /* StringTableTests */,
				A053F8EA1AA6B0C000A345ED /* Products */,
			);
			sourceTree = "<group>";
		};
		A053F8EA1AA6B0C000A345ED /* Products */ = {
			isa = PBXGroup;
			children = (
				A053F8E91AA6B0C000A345ED /* StringTable.app */,
				A053F8FE1AA6B0C100A345ED /* StringTableTests.xctest */,
			);
			name = Products;
			sourceTree = "<group>";
		};
		A053F8EB1AA6B0C000A345ED /* StringTable */ = {
			isa = PBXGroup;
			children = (
				A053F8EE1AA6B0C000A345ED /* AppDelegate.swift */,
				A053F8F01AA6B0C000A345ED /* ViewController.swift */,
				A053F8F21AA6B0C000A345ED /* Main.storyboard */,
				A053F8F51AA6B0C000A345ED /* Images.xcassets */,
				A053F8F71AA6B0C000A345ED /* LaunchScreen.xib */,
				A053F8EC1AA6B0C000A345ED /* Supporting Files */,
				A053F90E1AA6BF6900A345ED /* ColorTableViewCell.swift */,
			);
			path = StringTable;
			sourceTree = "<group>";
		};
		A053F8EC1AA6B0C000A345ED /* Supporting Files */ = {
			isa = PBXGroup;
			children = (
				A053F8ED1AA6B0C000A345ED /* Info.plist */,
			);
			name = "Supporting Files";
			sourceTree = "<group>";
		};
		A053F9011AA6B0C100A345ED /* StringTableTests */ = {
			isa = PBXGroup;
			children = (
				A053F9041AA6B0C100A345ED /* StringTableTests.swift */,
				A053F9021AA6B0C100A345ED /* Supporting Files */,
			);
			path = StringTableTests;
			sourceTree = "<group>";
		};
		A053F9021AA6B0C100A345ED /* Supporting Files */ = {
			isa = PBXGroup;
			children = (
				A053F9031AA6B0C100A345ED /* Info.plist */,
			);
			name = "Supporting Files";
			sourceTree = "<group>";
		};
/* End PBXGroup section */

/* Begin PBXNativeTarget section */
		A053F8E81AA6B0C000A345ED /* StringTable */ = {
			isa = PBXNativeTarget;
			buildConfigurationList = A053F9081AA6B0C100A345ED /* Build configuration list for PBXNativeTarget "StringTable" */;
			buildPhases = (
				A053F8E51AA6B0C000A345ED /* Sources */,
				A053F8E61AA6B0C000A345ED /* Frameworks */,
				A053F8E71AA6B0C000A345ED /* Resources */,
			);
			buildRules = (
			);
			dependencies = (
			);
			name = StringTable;
			productName = StringTable;
			productReference = A053F8E91AA6B0C000A345ED /* StringTable.app */;
			productType = "com.apple.product-type.application";
		};
		A053F8FD1AA6B0C100A345ED /* StringTableTests */ = {
			isa = PBXNativeTarget;
			buildConfigurationList = A053F90B1AA6B0C100A345ED /* Build configuration list for PBXNativeTarget "StringTableTests" */;
			buildPhases = (
				A053F8FA1AA6B0C100A345ED /* Sources */,
				A053F8FB1AA6B0C100A345ED /* Frameworks */,
				A053F8FC1AA6B0C100A345ED /* Resources */,
			);
			buildRules = (
			);
			dependencies = (
				A053F9001AA6B0C100A345ED /* PBXTargetDependency */,
			);
			name = StringTableTests;
			productName = StringTableTests;
			productReference = A053F8FE1AA6B0C100A345ED /* StringTableTests.xctest */;
			productType = "com.apple.product-type.bundle.unit-test";
		};
/* End PBXNativeTarget section */

/* Begin PBXProject section */
		A053F8E11AA6B0C000A345ED /* Project object */ = {
			isa = PBXProject;
			attributes = {
				LastUpgradeCheck = 0610;
				ORGANIZATIONNAME = jschatz;
				TargetAttributes = {
					A053F8E81AA6B0C000A345ED = {
						CreatedOnToolsVersion = 6.1.1;
					};
					A053F8FD1AA6B0C100A345ED = {
						CreatedOnToolsVersion = 6.1.1;
						TestTargetID = A053F8E81AA6B0C000A345ED;
					};
				};
			};
			buildConfigurationList = A053F8E41AA6B0C000A345ED /* Build configuration list for PBXProject "StringTable" */;
			compatibilityVersion = "Xcode 3.2";
			developmentRegion = English;
			hasScannedForEncodings = 0;
			knownRegions = (
				en,
				Base,
			);
			mainGroup = A053F8E01AA6B0C000A345ED;
			productRefGroup = A053F8EA1AA6B0C000A345ED /* Products */;
			projectDirPath = "";
			projectRoot = "";
			targets = (
				A053F8E81AA6B0C000A345ED /* StringTable */,
				A053F8FD1AA6B0C100A345ED /* StringTableTests */,
			);
		};
/* End PBXProject section */

/* Begin PBXResourcesBuildPhase section */
		A053F8E71AA6B0C000A345ED /* Resources */ = {
			isa = PBXResourcesBuildPhase;
			buildActionMask = 2147483647;
			files = (
				A053F8F41AA6B0C000A345ED /* Main.storyboard in Resources */,
				A053F8F91AA6B0C000A345ED /* LaunchScreen.xib in Resources */,
				A053F8F61AA6B0C000A345ED /* Images.xcassets in Resources */,
			);
			runOnlyForDeploymentPostprocessing = 0;
		};
		A053F8FC1AA6B0C100A345ED /* Resources */ = {
			isa = PBXResourcesBuildPhase;
			buildActionMask = 2147483647;
			files = (
			);
			runOnlyForDeploymentPostprocessing = 0;
		};
/* End PBXResourcesBuildPhase section */

/* Begin PBXSourcesBuildPhase section */
		A053F8E51AA6B0C000A345ED /* Sources */ = {
			isa = PBXSourcesBuildPhase;
			buildActionMask = 2147483647;
			files = (
				A053F8F11AA6B0C000A345ED /* ViewController.swift in Sources */,
				A053F8EF1AA6B0C000A345ED /* AppDelegate.swift in Sources */,
				A053F90F1AA6BF6900A345ED /* ColorTableViewCell.swift in Sources */,
			);
			runOnlyForDeploymentPostprocessing = 0;
		};
		A053F8FA1AA6B0C100A345ED /* Sources */ = {
			isa = PBXSourcesBuildPhase;
			buildActionMask = 2147483647;
			files = (
				A053F9051AA6B0C100A345ED /* StringTableTests.swift in Sources */,
			);
			runOnlyForDeploymentPostprocessing = 0;
		};
/* End PBXSourcesBuildPhase section */

/* Begin PBXTargetDependency section */
		A053F9001AA6B0C100A345ED /* PBXTargetDependency */ = {
			isa = PBXTargetDependency;
			target = A053F8E81AA6B0C000A345ED /* StringTable */;
			targetProxy = A053F8FF1AA6B0C100A345ED /* PBXContainerItemProxy */;
		};
/* End PBXTargetDependency section */

/* Begin PBXVariantGroup section */
		A053F8F21AA6B0C000A345ED /* Main.storyboard */ = {
			isa = PBXVariantGroup;
			children = (
				A053F8F31AA6B0C000A345ED /* Base */,
			);
			name = Main.storyboard;
			sourceTree = "<group>";
		};
		A053F8F71AA6B0C000A345ED /* LaunchScreen.xib */ = {
			isa = PBXVariantGroup;
			children = (
				A053F8F81AA6B0C000A345ED /* Base */,
			);
			name = LaunchScreen.xib;
			sourceTree = "<group>";
		};
/* End PBXVariantGroup section */

/* Begin XCBuildConfiguration section */
		A053F9061AA6B0C100A345ED /* Debug */ = {
			isa = XCBuildConfiguration;
			buildSettings = {
				ALWAYS_SEARCH_USER_PATHS = NO;
				CLANG_CXX_LANGUAGE_STANDARD = "gnu++0x";
				CLANG_CXX_LIBRARY = "libc++";
				CLANG_ENABLE_MODULES = YES;
				CLANG_ENABLE_OBJC_ARC = YES;
				CLANG_WARN_BOOL_CONVERSION = YES;
				CLANG_WARN_CONSTANT_CONVERSION = YES;
				CLANG_WARN_DIRECT_OBJC_ISA_USAGE = YES_ERROR;
				CLANG_WARN_EMPTY_BODY = YES;
				CLANG_WARN_ENUM_CONVERSION = YES;
				CLANG_WARN_INT_CONVERSION = YES;
				CLANG_WARN_OBJC_ROOT_CLASS = YES_ERROR;
				CLANG_WARN_UNREACHABLE_CODE = YES;
				CLANG_WARN__DUPLICATE_METHOD_MATCH = YES;
				"CODE_SIGN_IDENTITY[sdk=iphoneos*]" = "iPhone Developer";
				COPY_PHASE_STRIP = NO;
				ENABLE_STRICT_OBJC_MSGSEND = YES;
				GCC_C_LANGUAGE_STANDARD = gnu99;
				GCC_DYNAMIC_NO_PIC = NO;
				GCC_OPTIMIZATION_LEVEL = 0;
				GCC_PREPROCESSOR_DEFINITIONS = (
					"DEBUG=1",
					"$(inherited)",
				);
				GCC_SYMBOLS_PRIVATE_EXTERN = NO;
				GCC_WARN_64_TO_32_BIT_CONVERSION = YES;
				GCC_WARN_ABOUT_RETURN_TYPE = YES_ERROR;
				GCC_WARN_UNDECLARED_SELECTOR = YES;
				GCC_WARN_UNINITIALIZED_AUTOS = YES_AGGRESSIVE;
				GCC_WARN_UNUSED_FUNCTION = YES;
				GCC_WARN_UNUSED_VARIABLE = YES;
				IPHONEOS_DEPLOYMENT_TARGET = 8.1;
				MTL_ENABLE_DEBUG_INFO = YES;
				ONLY_ACTIVE_ARCH = YES;
				SDKROOT = iphoneos;
				SWIFT_OPTIMIZATION_LEVEL = "-Onone";
			};
			name = Debug;
		};
		A053F9071AA6B0C100A345ED /* Release */ = {
			isa = XCBuildConfiguration;
			buildSettings = {
				ALWAYS_SEARCH_USER_PATHS = NO;
				CLANG_CXX_LANGUAGE_STANDARD = "gnu++0x";
				CLANG_CXX_LIBRARY = "libc++";
				CLANG_ENABLE_MODULES = YES;
				CLANG_ENABLE_OBJC_ARC = YES;
				CLANG_WARN_BOOL_CONVERSION = YES;
				CLANG_WARN_CONSTANT_CONVERSION = YES;
				CLANG_WARN_DIRECT_OBJC_ISA_USAGE = YES_ERROR;
				CLANG_WARN_EMPTY_BODY = YES;
				CLANG_WARN_ENUM_CONVERSION = YES;
				CLANG_WARN_INT_CONVERSION = YES;
				CLANG_WARN_OBJC_ROOT_CLASS = YES_ERROR;
				CLANG_WARN_UNREACHABLE_CODE = YES;
				CLANG_WARN__DUPLICATE_METHOD_MATCH = YES;
				"CODE_SIGN_IDENTITY[sdk=iphoneos*]" = "iPhone Developer";
				COPY_PHASE_STRIP = YES;
				ENABLE_NS_ASSERTIONS = NO;
				ENABLE_STRICT_OBJC_MSGSEND = YES;
				GCC_C_LANGUAGE_STANDARD = gnu99;
				GCC_WARN_64_TO_32_BIT_CONVERSION = YES;
				GCC_WARN_ABOUT_RETURN_TYPE = YES_ERROR;
				GCC_WARN_UNDECLARED_SELECTOR = YES;
				GCC_WARN_UNINITIALIZED_AUTOS = YES_AGGRESSIVE;
				GCC_WARN_UNUSED_FUNCTION = YES;
				GCC_WARN_UNUSED_VARIABLE = YES;
				IPHONEOS_DEPLOYMENT_TARGET = 8.1;
				MTL_ENABLE_DEBUG_INFO = NO;
				SDKROOT = iphoneos;
				VALIDATE_PRODUCT = YES;
			};
			name = Release;
		};
		A053F9091AA6B0C100A345ED /* Debug */ = {
			isa = XCBuildConfiguration;
			buildSettings = {
				ASSETCATALOG_COMPILER_APPICON_NAME = AppIcon;
				INFOPLIST_FILE = StringTable/Info.plist;
				LD_RUNPATH_SEARCH_PATHS = "$(inherited) @executable_path/Frameworks";
				PRODUCT_NAME = "$(TARGET_NAME)";
			};
			name = Debug;
		};
		A053F90A1AA6B0C100A345ED /* Release */ = {
			isa = XCBuildConfiguration;
			buildSettings = {
				ASSETCATALOG_COMPILER_APPICON_NAME = AppIcon;
				INFOPLIST_FILE = StringTable/Info.plist;
				LD_RUNPATH_SEARCH_PATHS = "$(inherited) @executable_path/Frameworks";
				PRODUCT_NAME = "$(TARGET_NAME)";
			};
			name = Release;
		};
		A053F90C1AA6B0C100A345ED /* Debug */ = {
			isa = XCBuildConfiguration;
			buildSettings = {
				BUNDLE_LOADER = "$(TEST_HOST)";
				FRAMEWORK_SEARCH_PATHS = (
					"$(SDKROOT)/Developer/Library/Frameworks",
					"$(inherited)",
				);
				GCC_PREPROCESSOR_DEFINITIONS = (
					"DEBUG=1",
					"$(inherited)",
				);
				INFOPLIST_FILE = StringTableTests/Info.plist;
				LD_RUNPATH_SEARCH_PATHS = "$(inherited) @executable_path/Frameworks @loader_path/Frameworks";
				PRODUCT_NAME = "$(TARGET_NAME)";
				TEST_HOST = "$(BUILT_PRODUCTS_DIR)/StringTable.app/StringTable";
			};
			name = Debug;
		};
		A053F90D1AA6B0C100A345ED /* Release */ = {
			isa = XCBuildConfiguration;
			buildSettings = {
				BUNDLE_LOADER = "$(TEST_HOST)";
				FRAMEWORK_SEARCH_PATHS = (
					"$(SDKROOT)/Developer/Library/Frameworks",
					"$(inherited)",
				);
				INFOPLIST_FILE = StringTableTests/Info.plist;
				LD_RUNPATH_SEARCH_PATHS = "$(inherited) @executable_path/Frameworks @loader_path/Frameworks";
				PRODUCT_NAME = "$(TARGET_NAME)";
				TEST_HOST = "$(BUILT_PRODUCTS_DIR)/StringTable.app/StringTable";
			};
			name = Release;
		};
/* End XCBuildConfiguration section */

/* Begin XCConfigurationList section */
		A053F8E41AA6B0C000A345ED /* Build configuration list for PBXProject "StringTable" */ = {
			isa = XCConfigurationList;
			buildConfigurations = (
				A053F9061AA6B0C100A345ED /* Debug */,
				A053F9071AA6B0C100A345ED /* Release */,
			);
			defaultConfigurationIsVisible = 0;
			defaultConfigurationName = Release;
		};
		A053F9081AA6B0C100A345ED /* Build configuration list for PBXNativeTarget "StringTable" */ = {
			isa = XCConfigurationList;
			buildConfigurations = (
				A053F9091AA6B0C100A345ED /* Debug */,
				A053F90A1AA6B0C100A345ED /* Release */,
			);
			defaultConfigurationIsVisible = 0;
		};
		A053F90B1AA6B0C100A345ED /* Build configuration list for PBXNativeTarget "StringTableTests" */ = {
			isa = XCConfigurationList;
			buildConfigurations = (
				A053F90C1AA6B0C100A345ED /* Debug */,
				A053F90D1AA6B0C100A345ED /* Release */,
			);
			defaultConfigurationIsVisible = 0;
		};
/* End XCConfigurationList section */
	};
	rootObject = A053F8E11AA6B0C000A345ED /* Project object */;
}
