// !$*UTF8*$!
{
	archiveVersion = 1;
	classes = {
	};
	objectVersion = 46;
	objects = {

/* Begin PBXBuildFile section */
		4DAADBC51A75940D00529994 /* AppDelegate.swift in Sources */ = {isa = PBXBuildFile; fileRef = 4DAADBC41A75940D00529994 /* AppDelegate.swift */; };
		4DAADBCA1A75940D00529994 /* Main.storyboard in Resources */ = {isa = PBXBuildFile; fileRef = 4DAADBC81A75940D00529994 /* Main.storyboard */; };
		4DAADBCC1A75940D00529994 /* Images.xcassets in Resources */ = {isa = PBXBuildFile; fileRef = 4DAADBCB1A75940D00529994 /* Images.xcassets */; };
		4DAADBCF1A75940D00529994 /* LaunchScreen.xib in Resources */ = {isa = PBXBuildFile; fileRef = 4DAADBCD1A75940D00529994 /* LaunchScreen.xib */; };
		4DAADBDB1A75940E00529994 /* Homework3Tests.swift in Sources */ = {isa = PBXBuildFile; fileRef = 4DAADBDA1A75940E00529994 /* Homework3Tests.swift */; };
		4DAADBE51A7595B300529994 /* OrangeViewController.swift in Sources */ = {isa = PBXBuildFile; fileRef = 4DAADBE41A7595B300529994 /* OrangeViewController.swift */; };
		4DAADBE71A7595C600529994 /* BlueViewController.swift in Sources */ = {isa = PBXBuildFile; fileRef = 4DAADBE61A7595C600529994 /* BlueViewController.swift */; };
/* End PBXBuildFile section */

/* Begin PBXContainerItemProxy section */
		4DAADBD51A75940E00529994 /* PBXContainerItemProxy */ = {
			isa = PBXContainerItemProxy;
			containerPortal = 4DAADBB71A75940D00529994 /* Project object */;
			proxyType = 1;
			remoteGlobalIDString = 4DAADBBE1A75940D00529994;
			remoteInfo = Homework3;
		};
/* End PBXContainerItemProxy section */

/* Begin PBXFileReference section */
		4DAADBBF1A75940D00529994 /* Homework3.app */ = {isa = PBXFileReference; explicitFileType = wrapper.application; includeInIndex = 0; path = Homework3.app; sourceTree = BUILT_PRODUCTS_DIR; };
		4DAADBC31A75940D00529994 /* Info.plist */ = {isa = PBXFileReference; lastKnownFileType = text.plist.xml; path = Info.plist; sourceTree = "<group>"; };
		4DAADBC41A75940D00529994 /* AppDelegate.swift */ = {isa = PBXFileReference; lastKnownFileType = sourcecode.swift; path = AppDelegate.swift; sourceTree = "<group>"; };
		4DAADBC91A75940D00529994 /* Base */ = {isa = PBXFileReference; lastKnownFileType = file.storyboard; name = Base; path = Base.lproj/Main.storyboard; sourceTree = "<group>"; };
		4DAADBCB1A75940D00529994 /* Images.xcassets */ = {isa = PBXFileReference; lastKnownFileType = folder.assetcatalog; path = Images.xcassets; sourceTree = "<group>"; };
		4DAADBCE1A75940D00529994 /* Base */ = {isa = PBXFileReference; lastKnownFileType = file.xib; name = Base; path = Base.lproj/LaunchScreen.xib; sourceTree = "<group>"; };
		4DAADBD41A75940E00529994 /* Homework3Tests.xctest */ = {isa = PBXFileReference; explicitFileType = wrapper.cfbundle; includeInIndex = 0; path = Homework3Tests.xctest; sourceTree = BUILT_PRODUCTS_DIR; };
		4DAADBD91A75940E00529994 /* Info.plist */ = {isa = PBXFileReference; lastKnownFileType = text.plist.xml; path = Info.plist; sourceTree = "<group>"; };
		4DAADBDA1A75940E00529994 /* Homework3Tests.swift */ = {isa = PBXFileReference; lastKnownFileType = sourcecode.swift; path = Homework3Tests.swift; sourceTree = "<group>"; };
		4DAADBE41A7595B300529994 /* OrangeViewController.swift */ = {isa = PBXFileReference; fileEncoding = 4; lastKnownFileType = sourcecode.swift; path = OrangeViewController.swift; sourceTree = "<group>"; };
		4DAADBE61A7595C600529994 /* BlueViewController.swift */ = {isa = PBXFileReference; fileEncoding = 4; lastKnownFileType = sourcecode.swift; path = BlueViewController.swift; sourceTree = "<group>"; };
/* End PBXFileReference section */

/* Begin PBXFrameworksBuildPhase section */
		4DAADBBC1A75940D00529994 /* Frameworks */ = {
			isa = PBXFrameworksBuildPhase;
			buildActionMask = 2147483647;
			files = (
			);
			runOnlyForDeploymentPostprocessing = 0;
		};
		4DAADBD11A75940E00529994 /* Frameworks */ = {
			isa = PBXFrameworksBuildPhase;
			buildActionMask = 2147483647;
			files = (
			);
			runOnlyForDeploymentPostprocessing = 0;
		};
/* End PBXFrameworksBuildPhase section */

/* Begin PBXGroup section */
		4DAADBB61A75940D00529994 = {
			isa = PBXGroup;
			children = (
				4DAADBC11A75940D00529994 /* Homework3 */,
				4DAADBD71A75940E00529994 /* Homework3Tests */,
				4DAADBC01A75940D00529994 /* Products */,
			);
			sourceTree = "<group>";
		};
		4DAADBC01A75940D00529994 /* Products */ = {
			isa = PBXGroup;
			children = (
				4DAADBBF1A75940D00529994 /* Homework3.app */,
				4DAADBD41A75940E00529994 /* Homework3Tests.xctest */,
			);
			name = Products;
			sourceTree = "<group>";
		};
		4DAADBC11A75940D00529994 /* Homework3 */ = {
			isa = PBXGroup;
			children = (
				4DAADBE41A7595B300529994 /* OrangeViewController.swift */,
				4DAADBE61A7595C600529994 /* BlueViewController.swift */,
				4DAADBC41A75940D00529994 /* AppDelegate.swift */,
				4DAADBC81A75940D00529994 /* Main.storyboard */,
				4DAADBCB1A75940D00529994 /* Images.xcassets */,
				4DAADBCD1A75940D00529994 /* LaunchScreen.xib */,
				4DAADBC21A75940D00529994 /* Supporting Files */,
			);
			path = Homework3;
			sourceTree = "<group>";
		};
		4DAADBC21A75940D00529994 /* Supporting Files */ = {
			isa = PBXGroup;
			children = (
				4DAADBC31A75940D00529994 /* Info.plist */,
			);
			name = "Supporting Files";
			sourceTree = "<group>";
		};
		4DAADBD71A75940E00529994 /* Homework3Tests */ = {
			isa = PBXGroup;
			children = (
				4DAADBDA1A75940E00529994 /* Homework3Tests.swift */,
				4DAADBD81A75940E00529994 /* Supporting Files */,
			);
			path = Homework3Tests;
			sourceTree = "<group>";
		};
		4DAADBD81A75940E00529994 /* Supporting Files */ = {
			isa = PBXGroup;
			children = (
				4DAADBD91A75940E00529994 /* Info.plist */,
			);
			name = "Supporting Files";
			sourceTree = "<group>";
		};
/* End PBXGroup section */

/* Begin PBXNativeTarget section */
		4DAADBBE1A75940D00529994 /* Homework3 */ = {
			isa = PBXNativeTarget;
			buildConfigurationList = 4DAADBDE1A75940E00529994 /* Build configuration list for PBXNativeTarget "Homework3" */;
			buildPhases = (
				4DAADBBB1A75940D00529994 /* Sources */,
				4DAADBBC1A75940D00529994 /* Frameworks */,
				4DAADBBD1A75940D00529994 /* Resources */,
			);
			buildRules = (
			);
			dependencies = (
			);
			name = Homework3;
			productName = Homework3;
			productReference = 4DAADBBF1A75940D00529994 /* Homework3.app */;
			productType = "com.apple.product-type.application";
		};
		4DAADBD31A75940E00529994 /* Homework3Tests */ = {
			isa = PBXNativeTarget;
			buildConfigurationList = 4DAADBE11A75940E00529994 /* Build configuration list for PBXNativeTarget "Homework3Tests" */;
			buildPhases = (
				4DAADBD01A75940E00529994 /* Sources */,
				4DAADBD11A75940E00529994 /* Frameworks */,
				4DAADBD21A75940E00529994 /* Resources */,
			);
			buildRules = (
			);
			dependencies = (
				4DAADBD61A75940E00529994 /* PBXTargetDependency */,
			);
			name = Homework3Tests;
			productName = Homework3Tests;
			productReference = 4DAADBD41A75940E00529994 /* Homework3Tests.xctest */;
			productType = "com.apple.product-type.bundle.unit-test";
		};
/* End PBXNativeTarget section */

/* Begin PBXProject section */
		4DAADBB71A75940D00529994 /* Project object */ = {
			isa = PBXProject;
			attributes = {
				LastUpgradeCheck = 0610;
				ORGANIZATIONNAME = CCSF;
				TargetAttributes = {
					4DAADBBE1A75940D00529994 = {
						CreatedOnToolsVersion = 6.1.1;
					};
					4DAADBD31A75940E00529994 = {
						CreatedOnToolsVersion = 6.1.1;
						TestTargetID = 4DAADBBE1A75940D00529994;
					};
				};
			};
			buildConfigurationList = 4DAADBBA1A75940D00529994 /* Build configuration list for PBXProject "Homework3" */;
			compatibilityVersion = "Xcode 3.2";
			developmentRegion = English;
			hasScannedForEncodings = 0;
			knownRegions = (
				en,
				Base,
			);
			mainGroup = 4DAADBB61A75940D00529994;
			productRefGroup = 4DAADBC01A75940D00529994 /* Products */;
			projectDirPath = "";
			projectRoot = "";
			targets = (
				4DAADBBE1A75940D00529994 /* Homework3 */,
				4DAADBD31A75940E00529994 /* Homework3Tests */,
			);
		};
/* End PBXProject section */

/* Begin PBXResourcesBuildPhase section */
		4DAADBBD1A75940D00529994 /* Resources */ = {
			isa = PBXResourcesBuildPhase;
			buildActionMask = 2147483647;
			files = (
				4DAADBCA1A75940D00529994 /* Main.storyboard in Resources */,
				4DAADBCF1A75940D00529994 /* LaunchScreen.xib in Resources */,
				4DAADBCC1A75940D00529994 /* Images.xcassets in Resources */,
			);
			runOnlyForDeploymentPostprocessing = 0;
		};
		4DAADBD21A75940E00529994 /* Resources */ = {
			isa = PBXResourcesBuildPhase;
			buildActionMask = 2147483647;
			files = (
			);
			runOnlyForDeploymentPostprocessing = 0;
		};
/* End PBXResourcesBuildPhase section */

/* Begin PBXSourcesBuildPhase section */
		4DAADBBB1A75940D00529994 /* Sources */ = {
			isa = PBXSourcesBuildPhase;
			buildActionMask = 2147483647;
			files = (
				4DAADBE51A7595B300529994 /* OrangeViewController.swift in Sources */,
				4DAADBE71A7595C600529994 /* BlueViewController.swift in Sources */,
				4DAADBC51A75940D00529994 /* AppDelegate.swift in Sources */,
			);
			runOnlyForDeploymentPostprocessing = 0;
		};
		4DAADBD01A75940E00529994 /* Sources */ = {
			isa = PBXSourcesBuildPhase;
			buildActionMask = 2147483647;
			files = (
				4DAADBDB1A75940E00529994 /* Homework3Tests.swift in Sources */,
			);
			runOnlyForDeploymentPostprocessing = 0;
		};
/* End PBXSourcesBuildPhase section */

/* Begin PBXTargetDependency section */
		4DAADBD61A75940E00529994 /* PBXTargetDependency */ = {
			isa = PBXTargetDependency;
			target = 4DAADBBE1A75940D00529994 /* Homework3 */;
			targetProxy = 4DAADBD51A75940E00529994 /* PBXContainerItemProxy */;
		};
/* End PBXTargetDependency section */

/* Begin PBXVariantGroup section */
		4DAADBC81A75940D00529994 /* Main.storyboard */ = {
			isa = PBXVariantGroup;
			children = (
				4DAADBC91A75940D00529994 /* Base */,
			);
			name = Main.storyboard;
			sourceTree = "<group>";
		};
		4DAADBCD1A75940D00529994 /* LaunchScreen.xib */ = {
			isa = PBXVariantGroup;
			children = (
				4DAADBCE1A75940D00529994 /* Base */,
			);
			name = LaunchScreen.xib;
			sourceTree = "<group>";
		};
/* End PBXVariantGroup section */

/* Begin XCBuildConfiguration section */
		4DAADBDC1A75940E00529994 /* Debug */ = {
			isa = XCBuildConfiguration;
			buildSettings = {
				ALWAYS_SEARCH_USER_PATHS = NO;
				CLANG_CXX_LANGUAGE_STANDARD = "gnu++0x";
				CLANG_CXX_LIBRARY = "libc++";
				CLANG_ENABLE_MODULES = YES;
				CLANG_ENABLE_OBJC_ARC = YES;
				CLANG_WARN_BOOL_CONVERSION = YES;
				CLANG_WARN_CONSTANT_CONVERSION = YES;
				CLANG_WARN_DIRECT_OBJC_ISA_USAGE = YES_ERROR;
				CLANG_WARN_EMPTY_BODY = YES;
				CLANG_WARN_ENUM_CONVERSION = YES;
				CLANG_WARN_INT_CONVERSION = YES;
				CLANG_WARN_OBJC_ROOT_CLASS = YES_ERROR;
				CLANG_WARN_UNREACHABLE_CODE = YES;
				CLANG_WARN__DUPLICATE_METHOD_MATCH = YES;
				"CODE_SIGN_IDENTITY[sdk=iphoneos*]" = "iPhone Developer";
				COPY_PHASE_STRIP = NO;
				ENABLE_STRICT_OBJC_MSGSEND = YES;
				GCC_C_LANGUAGE_STANDARD = gnu99;
				GCC_DYNAMIC_NO_PIC = NO;
				GCC_OPTIMIZATION_LEVEL = 0;
				GCC_PREPROCESSOR_DEFINITIONS = (
					"DEBUG=1",
					"$(inherited)",
				);
				GCC_SYMBOLS_PRIVATE_EXTERN = NO;
				GCC_WARN_64_TO_32_BIT_CONVERSION = YES;
				GCC_WARN_ABOUT_RETURN_TYPE = YES_ERROR;
				GCC_WARN_UNDECLARED_SELECTOR = YES;
				GCC_WARN_UNINITIALIZED_AUTOS = YES_AGGRESSIVE;
				GCC_WARN_UNUSED_FUNCTION = YES;
				GCC_WARN_UNUSED_VARIABLE = YES;
				IPHONEOS_DEPLOYMENT_TARGET = 8.1;
				MTL_ENABLE_DEBUG_INFO = YES;
				ONLY_ACTIVE_ARCH = YES;
				SDKROOT = iphoneos;
				SWIFT_OPTIMIZATION_LEVEL = "-Onone";
			};
			name = Debug;
		};
		4DAADBDD1A75940E00529994 /* Release */ = {
			isa = XCBuildConfiguration;
			buildSettings = {
				ALWAYS_SEARCH_USER_PATHS = NO;
				CLANG_CXX_LANGUAGE_STANDARD = "gnu++0x";
				CLANG_CXX_LIBRARY = "libc++";
				CLANG_ENABLE_MODULES = YES;
				CLANG_ENABLE_OBJC_ARC = YES;
				CLANG_WARN_BOOL_CONVERSION = YES;
				CLANG_WARN_CONSTANT_CONVERSION = YES;
				CLANG_WARN_DIRECT_OBJC_ISA_USAGE = YES_ERROR;
				CLANG_WARN_EMPTY_BODY = YES;
				CLANG_WARN_ENUM_CONVERSION = YES;
				CLANG_WARN_INT_CONVERSION = YES;
				CLANG_WARN_OBJC_ROOT_CLASS = YES_ERROR;
				CLANG_WARN_UNREACHABLE_CODE = YES;
				CLANG_WARN__DUPLICATE_METHOD_MATCH = YES;
				"CODE_SIGN_IDENTITY[sdk=iphoneos*]" = "iPhone Developer";
				COPY_PHASE_STRIP = YES;
				ENABLE_NS_ASSERTIONS = NO;
				ENABLE_STRICT_OBJC_MSGSEND = YES;
				GCC_C_LANGUAGE_STANDARD = gnu99;
				GCC_WARN_64_TO_32_BIT_CONVERSION = YES;
				GCC_WARN_ABOUT_RETURN_TYPE = YES_ERROR;
				GCC_WARN_UNDECLARED_SELECTOR = YES;
				GCC_WARN_UNINITIALIZED_AUTOS = YES_AGGRESSIVE;
				GCC_WARN_UNUSED_FUNCTION = YES;
				GCC_WARN_UNUSED_VARIABLE = YES;
				IPHONEOS_DEPLOYMENT_TARGET = 8.1;
				MTL_ENABLE_DEBUG_INFO = NO;
				SDKROOT = iphoneos;
				VALIDATE_PRODUCT = YES;
			};
			name = Release;
		};
		4DAADBDF1A75940E00529994 /* Debug */ = {
			isa = XCBuildConfiguration;
			buildSettings = {
				ASSETCATALOG_COMPILER_APPICON_NAME = AppIcon;
				INFOPLIST_FILE = Homework3/Info.plist;
				LD_RUNPATH_SEARCH_PATHS = "$(inherited) @executable_path/Frameworks";
				PRODUCT_NAME = "$(TARGET_NAME)";
			};
			name = Debug;
		};
		4DAADBE01A75940E00529994 /* Release */ = {
			isa = XCBuildConfiguration;
			buildSettings = {
				ASSETCATALOG_COMPILER_APPICON_NAME = AppIcon;
				INFOPLIST_FILE = Homework3/Info.plist;
				LD_RUNPATH_SEARCH_PATHS = "$(inherited) @executable_path/Frameworks";
				PRODUCT_NAME = "$(TARGET_NAME)";
			};
			name = Release;
		};
		4DAADBE21A75940E00529994 /* Debug */ = {
			isa = XCBuildConfiguration;
			buildSettings = {
				BUNDLE_LOADER = "$(TEST_HOST)";
				FRAMEWORK_SEARCH_PATHS = (
					"$(SDKROOT)/Developer/Library/Frameworks",
					"$(inherited)",
				);
				GCC_PREPROCESSOR_DEFINITIONS = (
					"DEBUG=1",
					"$(inherited)",
				);
				INFOPLIST_FILE = Homework3Tests/Info.plist;
				LD_RUNPATH_SEARCH_PATHS = "$(inherited) @executable_path/Frameworks @loader_path/Frameworks";
				PRODUCT_NAME = "$(TARGET_NAME)";
				TEST_HOST = "$(BUILT_PRODUCTS_DIR)/Homework3.app/Homework3";
			};
			name = Debug;
		};
		4DAADBE31A75940E00529994 /* Release */ = {
			isa = XCBuildConfiguration;
			buildSettings = {
				BUNDLE_LOADER = "$(TEST_HOST)";
				FRAMEWORK_SEARCH_PATHS = (
					"$(SDKROOT)/Developer/Library/Frameworks",
					"$(inherited)",
				);
				INFOPLIST_FILE = Homework3Tests/Info.plist;
				LD_RUNPATH_SEARCH_PATHS = "$(inherited) @executable_path/Frameworks @loader_path/Frameworks";
				PRODUCT_NAME = "$(TARGET_NAME)";
				TEST_HOST = "$(BUILT_PRODUCTS_DIR)/Homework3.app/Homework3";
			};
			name = Release;
		};
/* End XCBuildConfiguration section */

/* Begin XCConfigurationList section */
		4DAADBBA1A75940D00529994 /* Build configuration list for PBXProject "Homework3" */ = {
			isa = XCConfigurationList;
			buildConfigurations = (
				4DAADBDC1A75940E00529994 /* Debug */,
				4DAADBDD1A75940E00529994 /* Release */,
			);
			defaultConfigurationIsVisible = 0;
			defaultConfigurationName = Release;
		};
		4DAADBDE1A75940E00529994 /* Build configuration list for PBXNativeTarget "Homework3" */ = {
			isa = XCConfigurationList;
			buildConfigurations = (
				4DAADBDF1A75940E00529994 /* Debug */,
				4DAADBE01A75940E00529994 /* Release */,
			);
			defaultConfigurationIsVisible = 0;
		};
		4DAADBE11A75940E00529994 /* Build configuration list for PBXNativeTarget "Homework3Tests" */ = {
			isa = XCConfigurationList;
			buildConfigurations = (
				4DAADBE21A75940E00529994 /* Debug */,
				4DAADBE31A75940E00529994 /* Release */,
			);
			defaultConfigurationIsVisible = 0;
		};
/* End XCConfigurationList section */
	};
	rootObject = 4DAADBB71A75940D00529994 /* Project object */;
}
