// !$*UTF8*$!
{
	archiveVersion = 1;
	classes = {
	};
	objectVersion = 46;
	objects = {

/* Begin PBXBuildFile section */
		4DFB68B21AB1F983001DD3DF /* AppDelegate.swift in Sources */ = {isa = PBXBuildFile; fileRef = 4DFB68B11AB1F983001DD3DF /* AppDelegate.swift */; };
		4DFB68B41AB1F983001DD3DF /* ViewController.swift in Sources */ = {isa = PBXBuildFile; fileRef = 4DFB68B31AB1F983001DD3DF /* ViewController.swift */; };
		4DFB68B71AB1F983001DD3DF /* Main.storyboard in Resources */ = {isa = PBXBuildFile; fileRef = 4DFB68B51AB1F983001DD3DF /* Main.storyboard */; };
		4DFB68B91AB1F983001DD3DF /* Images.xcassets in Resources */ = {isa = PBXBuildFile; fileRef = 4DFB68B81AB1F983001DD3DF /* Images.xcassets */; };
		4DFB68BC1AB1F983001DD3DF /* LaunchScreen.xib in Resources */ = {isa = PBXBuildFile; fileRef = 4DFB68BA1AB1F983001DD3DF /* LaunchScreen.xib */; };
		4DFB68C81AB1F984001DD3DF /* KevinBaconDataTests.swift in Sources */ = {isa = PBXBuildFile; fileRef = 4DFB68C71AB1F984001DD3DF /* KevinBaconDataTests.swift */; };
		4DFB68D21AB1F9B8001DD3DF /* kevinBaconMoviesPretty.txt in Resources */ = {isa = PBXBuildFile; fileRef = 4DFB68D11AB1F9B8001DD3DF /* kevinBaconMoviesPretty.txt */; };
		4DFB68D41AB201DB001DD3DF /* kevinBaconMoviesData in Resources */ = {isa = PBXBuildFile; fileRef = 4DFB68D31AB201DB001DD3DF /* kevinBaconMoviesData */; };
/* End PBXBuildFile section */

/* Begin PBXContainerItemProxy section */
		4DFB68C21AB1F984001DD3DF /* PBXContainerItemProxy */ = {
			isa = PBXContainerItemProxy;
			containerPortal = 4DFB68A41AB1F983001DD3DF /* Project object */;
			proxyType = 1;
			remoteGlobalIDString = 4DFB68AB1AB1F983001DD3DF;
			remoteInfo = KevinBaconData;
		};
/* End PBXContainerItemProxy section */

/* Begin PBXFileReference section */
		4DFB68AC1AB1F983001DD3DF /* KevinBaconData.app */ = {isa = PBXFileReference; explicitFileType = wrapper.application; includeInIndex = 0; path = KevinBaconData.app; sourceTree = BUILT_PRODUCTS_DIR; };
		4DFB68B01AB1F983001DD3DF /* Info.plist */ = {isa = PBXFileReference; lastKnownFileType = text.plist.xml; path = Info.plist; sourceTree = "<group>"; };
		4DFB68B11AB1F983001DD3DF /* AppDelegate.swift */ = {isa = PBXFileReference; lastKnownFileType = sourcecode.swift; path = AppDelegate.swift; sourceTree = "<group>"; };
		4DFB68B31AB1F983001DD3DF /* ViewController.swift */ = {isa = PBXFileReference; lastKnownFileType = sourcecode.swift; path = ViewController.swift; sourceTree = "<group>"; };
		4DFB68B61AB1F983001DD3DF /* Base */ = {isa = PBXFileReference; lastKnownFileType = file.storyboard; name = Base; path = Base.lproj/Main.storyboard; sourceTree = "<group>"; };
		4DFB68B81AB1F983001DD3DF /* Images.xcassets */ = {isa = PBXFileReference; lastKnownFileType = folder.assetcatalog; path = Images.xcassets; sourceTree = "<group>"; };
		4DFB68BB1AB1F983001DD3DF /* Base */ = {isa = PBXFileReference; lastKnownFileType = file.xib; name = Base; path = Base.lproj/LaunchScreen.xib; sourceTree = "<group>"; };
		4DFB68C11AB1F984001DD3DF /* KevinBaconDataTests.xctest */ = {isa = PBXFileReference; explicitFileType = wrapper.cfbundle; includeInIndex = 0; path = KevinBaconDataTests.xctest; sourceTree = BUILT_PRODUCTS_DIR; };
		4DFB68C61AB1F984001DD3DF /* Info.plist */ = {isa = PBXFileReference; lastKnownFileType = text.plist.xml; path = Info.plist; sourceTree = "<group>"; };
		4DFB68C71AB1F984001DD3DF /* KevinBaconDataTests.swift */ = {isa = PBXFileReference; lastKnownFileType = sourcecode.swift; path = KevinBaconDataTests.swift; sourceTree = "<group>"; };
		4DFB68D11AB1F9B8001DD3DF /* kevinBaconMoviesPretty.txt */ = {isa = PBXFileReference; fileEncoding = 4; lastKnownFileType = text; path = kevinBaconMoviesPretty.txt; sourceTree = "<group>"; };
		4DFB68D31AB201DB001DD3DF /* kevinBaconMoviesData */ = {isa = PBXFileReference; fileEncoding = 4; lastKnownFileType = text; path = kevinBaconMoviesData; sourceTree = "<group>"; };
/* End PBXFileReference section */

/* Begin PBXFrameworksBuildPhase section */
		4DFB68A91AB1F983001DD3DF /* Frameworks */ = {
			isa = PBXFrameworksBuildPhase;
			buildActionMask = 2147483647;
			files = (
			);
			runOnlyForDeploymentPostprocessing = 0;
		};
		4DFB68BE1AB1F984001DD3DF /* Frameworks */ = {
			isa = PBXFrameworksBuildPhase;
			buildActionMask = 2147483647;
			files = (
			);
			runOnlyForDeploymentPostprocessing = 0;
		};
/* End PBXFrameworksBuildPhase section */

/* Begin PBXGroup section */
		4DFB68A31AB1F983001DD3DF = {
			isa = PBXGroup;
			children = (
				4DFB68AE1AB1F983001DD3DF /* KevinBaconData */,
				4DFB68C41AB1F984001DD3DF /* KevinBaconDataTests */,
				4DFB68AD1AB1F983001DD3DF /* Products */,
			);
			sourceTree = "<group>";
		};
		4DFB68AD1AB1F983001DD3DF /* Products */ = {
			isa = PBXGroup;
			children = (
				4DFB68AC1AB1F983001DD3DF /* KevinBaconData.app */,
				4DFB68C11AB1F984001DD3DF /* KevinBaconDataTests.xctest */,
			);
			name = Products;
			sourceTree = "<group>";
		};
		4DFB68AE1AB1F983001DD3DF /* KevinBaconData */ = {
			isa = PBXGroup;
			children = (
				4DFB68D31AB201DB001DD3DF /* kevinBaconMoviesData */,
				4DFB68D11AB1F9B8001DD3DF /* kevinBaconMoviesPretty.txt */,
				4DFB68B31AB1F983001DD3DF /* ViewController.swift */,
				4DFB68B51AB1F983001DD3DF /* Main.storyboard */,
				4DFB68B11AB1F983001DD3DF /* AppDelegate.swift */,
				4DFB68B81AB1F983001DD3DF /* Images.xcassets */,
				4DFB68BA1AB1F983001DD3DF /* LaunchScreen.xib */,
				4DFB68AF1AB1F983001DD3DF /* Supporting Files */,
			);
			path = KevinBaconData;
			sourceTree = "<group>";
		};
		4DFB68AF1AB1F983001DD3DF /* Supporting Files */ = {
			isa = PBXGroup;
			children = (
				4DFB68B01AB1F983001DD3DF /* Info.plist */,
			);
			name = "Supporting Files";
			sourceTree = "<group>";
		};
		4DFB68C41AB1F984001DD3DF /* KevinBaconDataTests */ = {
			isa = PBXGroup;
			children = (
				4DFB68C71AB1F984001DD3DF /* KevinBaconDataTests.swift */,
				4DFB68C51AB1F984001DD3DF /* Supporting Files */,
			);
			path = KevinBaconDataTests;
			sourceTree = "<group>";
		};
		4DFB68C51AB1F984001DD3DF /* Supporting Files */ = {
			isa = PBXGroup;
			children = (
				4DFB68C61AB1F984001DD3DF /* Info.plist */,
			);
			name = "Supporting Files";
			sourceTree = "<group>";
		};
/* End PBXGroup section */

/* Begin PBXNativeTarget section */
		4DFB68AB1AB1F983001DD3DF /* KevinBaconData */ = {
			isa = PBXNativeTarget;
			buildConfigurationList = 4DFB68CB1AB1F984001DD3DF /* Build configuration list for PBXNativeTarget "KevinBaconData" */;
			buildPhases = (
				4DFB68A81AB1F983001DD3DF /* Sources */,
				4DFB68A91AB1F983001DD3DF /* Frameworks */,
				4DFB68AA1AB1F983001DD3DF /* Resources */,
			);
			buildRules = (
			);
			dependencies = (
			);
			name = KevinBaconData;
			productName = KevinBaconData;
			productReference = 4DFB68AC1AB1F983001DD3DF /* KevinBaconData.app */;
			productType = "com.apple.product-type.application";
		};
		4DFB68C01AB1F984001DD3DF /* KevinBaconDataTests */ = {
			isa = PBXNativeTarget;
			buildConfigurationList = 4DFB68CE1AB1F984001DD3DF /* Build configuration list for PBXNativeTarget "KevinBaconDataTests" */;
			buildPhases = (
				4DFB68BD1AB1F984001DD3DF /* Sources */,
				4DFB68BE1AB1F984001DD3DF /* Frameworks */,
				4DFB68BF1AB1F984001DD3DF /* Resources */,
			);
			buildRules = (
			);
			dependencies = (
				4DFB68C31AB1F984001DD3DF /* PBXTargetDependency */,
			);
			name = KevinBaconDataTests;
			productName = KevinBaconDataTests;
			productReference = 4DFB68C11AB1F984001DD3DF /* KevinBaconDataTests.xctest */;
			productType = "com.apple.product-type.bundle.unit-test";
		};
/* End PBXNativeTarget section */

/* Begin PBXProject section */
		4DFB68A41AB1F983001DD3DF /* Project object */ = {
			isa = PBXProject;
			attributes = {
				LastUpgradeCheck = 0620;
				ORGANIZATIONNAME = CCSF;
				TargetAttributes = {
					4DFB68AB1AB1F983001DD3DF = {
						CreatedOnToolsVersion = 6.2;
					};
					4DFB68C01AB1F984001DD3DF = {
						CreatedOnToolsVersion = 6.2;
						TestTargetID = 4DFB68AB1AB1F983001DD3DF;
					};
				};
			};
			buildConfigurationList = 4DFB68A71AB1F983001DD3DF /* Build configuration list for PBXProject "KevinBaconData" */;
			compatibilityVersion = "Xcode 3.2";
			developmentRegion = English;
			hasScannedForEncodings = 0;
			knownRegions = (
				en,
				Base,
			);
			mainGroup = 4DFB68A31AB1F983001DD3DF;
			productRefGroup = 4DFB68AD1AB1F983001DD3DF /* Products */;
			projectDirPath = "";
			projectRoot = "";
			targets = (
				4DFB68AB1AB1F983001DD3DF /* KevinBaconData */,
				4DFB68C01AB1F984001DD3DF /* KevinBaconDataTests */,
			);
		};
/* End PBXProject section */

/* Begin PBXResourcesBuildPhase section */
		4DFB68AA1AB1F983001DD3DF /* Resources */ = {
			isa = PBXResourcesBuildPhase;
			buildActionMask = 2147483647;
			files = (
				4DFB68D41AB201DB001DD3DF /* kevinBaconMoviesData in Resources */,
				4DFB68B71AB1F983001DD3DF /* Main.storyboard in Resources */,
				4DFB68D21AB1F9B8001DD3DF /* kevinBaconMoviesPretty.txt in Resources */,
				4DFB68BC1AB1F983001DD3DF /* LaunchScreen.xib in Resources */,
				4DFB68B91AB1F983001DD3DF /* Images.xcassets in Resources */,
			);
			runOnlyForDeploymentPostprocessing = 0;
		};
		4DFB68BF1AB1F984001DD3DF /* Resources */ = {
			isa = PBXResourcesBuildPhase;
			buildActionMask = 2147483647;
			files = (
			);
			runOnlyForDeploymentPostprocessing = 0;
		};
/* End PBXResourcesBuildPhase section */

/* Begin PBXSourcesBuildPhase section */
		4DFB68A81AB1F983001DD3DF /* Sources */ = {
			isa = PBXSourcesBuildPhase;
			buildActionMask = 2147483647;
			files = (
				4DFB68B41AB1F983001DD3DF /* ViewController.swift in Sources */,
				4DFB68B21AB1F983001DD3DF /* AppDelegate.swift in Sources */,
			);
			runOnlyForDeploymentPostprocessing = 0;
		};
		4DFB68BD1AB1F984001DD3DF /* Sources */ = {
			isa = PBXSourcesBuildPhase;
			buildActionMask = 2147483647;
			files = (
				4DFB68C81AB1F984001DD3DF /* KevinBaconDataTests.swift in Sources */,
			);
			runOnlyForDeploymentPostprocessing = 0;
		};
/* End PBXSourcesBuildPhase section */

/* Begin PBXTargetDependency section */
		4DFB68C31AB1F984001DD3DF /* PBXTargetDependency */ = {
			isa = PBXTargetDependency;
			target = 4DFB68AB1AB1F983001DD3DF /* KevinBaconData */;
			targetProxy = 4DFB68C21AB1F984001DD3DF /* PBXContainerItemProxy */;
		};
/* End PBXTargetDependency section */

/* Begin PBXVariantGroup section */
		4DFB68B51AB1F983001DD3DF /* Main.storyboard */ = {
			isa = PBXVariantGroup;
			children = (
				4DFB68B61AB1F983001DD3DF /* Base */,
			);
			name = Main.storyboard;
			sourceTree = "<group>";
		};
		4DFB68BA1AB1F983001DD3DF /* LaunchScreen.xib */ = {
			isa = PBXVariantGroup;
			children = (
				4DFB68BB1AB1F983001DD3DF /* Base */,
			);
			name = LaunchScreen.xib;
			sourceTree = "<group>";
		};
/* End PBXVariantGroup section */

/* Begin XCBuildConfiguration section */
		4DFB68C91AB1F984001DD3DF /* Debug */ = {
			isa = XCBuildConfiguration;
			buildSettings = {
				ALWAYS_SEARCH_USER_PATHS = NO;
				CLANG_CXX_LANGUAGE_STANDARD = "gnu++0x";
				CLANG_CXX_LIBRARY = "libc++";
				CLANG_ENABLE_MODULES = YES;
				CLANG_ENABLE_OBJC_ARC = YES;
				CLANG_WARN_BOOL_CONVERSION = YES;
				CLANG_WARN_CONSTANT_CONVERSION = YES;
				CLANG_WARN_DIRECT_OBJC_ISA_USAGE = YES_ERROR;
				CLANG_WARN_EMPTY_BODY = YES;
				CLANG_WARN_ENUM_CONVERSION = YES;
				CLANG_WARN_INT_CONVERSION = YES;
				CLANG_WARN_OBJC_ROOT_CLASS = YES_ERROR;
				CLANG_WARN_UNREACHABLE_CODE = YES;
				CLANG_WARN__DUPLICATE_METHOD_MATCH = YES;
				"CODE_SIGN_IDENTITY[sdk=iphoneos*]" = "iPhone Developer";
				COPY_PHASE_STRIP = NO;
				ENABLE_STRICT_OBJC_MSGSEND = YES;
				GCC_C_LANGUAGE_STANDARD = gnu99;
				GCC_DYNAMIC_NO_PIC = NO;
				GCC_OPTIMIZATION_LEVEL = 0;
				GCC_PREPROCESSOR_DEFINITIONS = (
					"DEBUG=1",
					"$(inherited)",
				);
				GCC_SYMBOLS_PRIVATE_EXTERN = NO;
				GCC_WARN_64_TO_32_BIT_CONVERSION = YES;
				GCC_WARN_ABOUT_RETURN_TYPE = YES_ERROR;
				GCC_WARN_UNDECLARED_SELECTOR = YES;
				GCC_WARN_UNINITIALIZED_AUTOS = YES_AGGRESSIVE;
				GCC_WARN_UNUSED_FUNCTION = YES;
				GCC_WARN_UNUSED_VARIABLE = YES;
				IPHONEOS_DEPLOYMENT_TARGET = 8.2;
				MTL_ENABLE_DEBUG_INFO = YES;
				ONLY_ACTIVE_ARCH = YES;
				SDKROOT = iphoneos;
				SWIFT_OPTIMIZATION_LEVEL = "-Onone";
			};
			name = Debug;
		};
		4DFB68CA1AB1F984001DD3DF /* Release */ = {
			isa = XCBuildConfiguration;
			buildSettings = {
				ALWAYS_SEARCH_USER_PATHS = NO;
				CLANG_CXX_LANGUAGE_STANDARD = "gnu++0x";
				CLANG_CXX_LIBRARY = "libc++";
				CLANG_ENABLE_MODULES = YES;
				CLANG_ENABLE_OBJC_ARC = YES;
				CLANG_WARN_BOOL_CONVERSION = YES;
				CLANG_WARN_CONSTANT_CONVERSION = YES;
				CLANG_WARN_DIRECT_OBJC_ISA_USAGE = YES_ERROR;
				CLANG_WARN_EMPTY_BODY = YES;
				CLANG_WARN_ENUM_CONVERSION = YES;
				CLANG_WARN_INT_CONVERSION = YES;
				CLANG_WARN_OBJC_ROOT_CLASS = YES_ERROR;
				CLANG_WARN_UNREACHABLE_CODE = YES;
				CLANG_WARN__DUPLICATE_METHOD_MATCH = YES;
				"CODE_SIGN_IDENTITY[sdk=iphoneos*]" = "iPhone Developer";
				COPY_PHASE_STRIP = NO;
				ENABLE_NS_ASSERTIONS = NO;
				ENABLE_STRICT_OBJC_MSGSEND = YES;
				GCC_C_LANGUAGE_STANDARD = gnu99;
				GCC_WARN_64_TO_32_BIT_CONVERSION = YES;
				GCC_WARN_ABOUT_RETURN_TYPE = YES_ERROR;
				GCC_WARN_UNDECLARED_SELECTOR = YES;
				GCC_WARN_UNINITIALIZED_AUTOS = YES_AGGRESSIVE;
				GCC_WARN_UNUSED_FUNCTION = YES;
				GCC_WARN_UNUSED_VARIABLE = YES;
				IPHONEOS_DEPLOYMENT_TARGET = 8.2;
				MTL_ENABLE_DEBUG_INFO = NO;
				SDKROOT = iphoneos;
				VALIDATE_PRODUCT = YES;
			};
			name = Release;
		};
		4DFB68CC1AB1F984001DD3DF /* Debug */ = {
			isa = XCBuildConfiguration;
			buildSettings = {
				ASSETCATALOG_COMPILER_APPICON_NAME = AppIcon;
				INFOPLIST_FILE = KevinBaconData/Info.plist;
				LD_RUNPATH_SEARCH_PATHS = "$(inherited) @executable_path/Frameworks";
				PRODUCT_NAME = "$(TARGET_NAME)";
			};
			name = Debug;
		};
		4DFB68CD1AB1F984001DD3DF /* Release */ = {
			isa = XCBuildConfiguration;
			buildSettings = {
				ASSETCATALOG_COMPILER_APPICON_NAME = AppIcon;
				INFOPLIST_FILE = KevinBaconData/Info.plist;
				LD_RUNPATH_SEARCH_PATHS = "$(inherited) @executable_path/Frameworks";
				PRODUCT_NAME = "$(TARGET_NAME)";
			};
			name = Release;
		};
		4DFB68CF1AB1F984001DD3DF /* Debug */ = {
			isa = XCBuildConfiguration;
			buildSettings = {
				BUNDLE_LOADER = "$(TEST_HOST)";
				FRAMEWORK_SEARCH_PATHS = (
					"$(SDKROOT)/Developer/Library/Frameworks",
					"$(inherited)",
				);
				GCC_PREPROCESSOR_DEFINITIONS = (
					"DEBUG=1",
					"$(inherited)",
				);
				INFOPLIST_FILE = KevinBaconDataTests/Info.plist;
				LD_RUNPATH_SEARCH_PATHS = "$(inherited) @executable_path/Frameworks @loader_path/Frameworks";
				PRODUCT_NAME = "$(TARGET_NAME)";
				TEST_HOST = "$(BUILT_PRODUCTS_DIR)/KevinBaconData.app/KevinBaconData";
			};
			name = Debug;
		};
		4DFB68D01AB1F984001DD3DF /* Release */ = {
			isa = XCBuildConfiguration;
			buildSettings = {
				BUNDLE_LOADER = "$(TEST_HOST)";
				FRAMEWORK_SEARCH_PATHS = (
					"$(SDKROOT)/Developer/Library/Frameworks",
					"$(inherited)",
				);
				INFOPLIST_FILE = KevinBaconDataTests/Info.plist;
				LD_RUNPATH_SEARCH_PATHS = "$(inherited) @executable_path/Frameworks @loader_path/Frameworks";
				PRODUCT_NAME = "$(TARGET_NAME)";
				TEST_HOST = "$(BUILT_PRODUCTS_DIR)/KevinBaconData.app/KevinBaconData";
			};
			name = Release;
		};
/* End XCBuildConfiguration section */

/* Begin XCConfigurationList section */
		4DFB68A71AB1F983001DD3DF /* Build configuration list for PBXProject "KevinBaconData" */ = {
			isa = XCConfigurationList;
			buildConfigurations = (
				4DFB68C91AB1F984001DD3DF /* Debug */,
				4DFB68CA1AB1F984001DD3DF /* Release */,
			);
			defaultConfigurationIsVisible = 0;
			defaultConfigurationName = Release;
		};
		4DFB68CB1AB1F984001DD3DF /* Build configuration list for PBXNativeTarget "KevinBaconData" */ = {
			isa = XCConfigurationList;
			buildConfigurations = (
				4DFB68CC1AB1F984001DD3DF /* Debug */,
				4DFB68CD1AB1F984001DD3DF /* Release */,
			);
			defaultConfigurationIsVisible = 0;
		};
		4DFB68CE1AB1F984001DD3DF /* Build configuration list for PBXNativeTarget "KevinBaconDataTests" */ = {
			isa = XCConfigurationList;
			buildConfigurations = (
				4DFB68CF1AB1F984001DD3DF /* Debug */,
				4DFB68D01AB1F984001DD3DF /* Release */,
			);
			defaultConfigurationIsVisible = 0;
		};
/* End XCConfigurationList section */
	};
	rootObject = 4DFB68A41AB1F983001DD3DF /* Project object */;
}
